{
  "version": 4,
  "terraform_version": "1.4.6",
  "serial": 335,
  "lineage": "6f37f015-861a-d1d4-5255-ceecfa2c0c27",
  "outputs": {
    "addChildren_url": {
      "value": "https://addchildren-vws3d6ozda-et.a.run.app",
      "type": "string"
    },
    "docs_url": {
      "value": "https://docs-vws3d6ozda-et.a.run.app",
      "type": "string"
    },
    "getLessonSByType_url": {
      "value": "https://getlessonsbytype-vws3d6ozda-et.a.run.app",
      "type": "string"
    },
    "insertData_url": {
      "value": "https://updateuserlearning-vws3d6ozda-et.a.run.app",
      "type": "string"
    },
    "insertLearning_url": {
      "value": "https://userreport-vws3d6ozda-et.a.run.app",
      "type": "string"
    },
    "insertLessons_url": {
      "value": "https://insertlessons-vws3d6ozda-et.a.run.app",
      "type": "string"
    },
    "login_url": {
      "value": "https://login-vws3d6ozda-et.a.run.app",
      "type": "string"
    },
    "whoami_url": {
      "value": "https://whoami-vws3d6ozda-et.a.run.app",
      "type": "string"
    }
  },
  "resources": [
    {
      "mode": "data",
      "type": "archive_file",
      "name": "default",
      "provider": "provider[\"registry.terraform.io/hashicorp/archive\"]",
      "instances": [
        {
          "schema_version": 0,
          "attributes": {
            "excludes": [
              ".*",
              ".git",
              ".git.*",
              ".terraform",
              ".terraform.*",
              ".vscode",
              "__pycache__",
              "cred",
              "terraform",
              "terraform.*",
              "venv",
              "venv.*"
            ],
            "id": "2e7223e6c203b8253cffb34ad5dd41a6bfe27a40",
            "output_base64sha256": "6KT7CTRdXkcI3GdJRx0hOD9tqZevoB9Wdt+UsRqPXvs=",
            "output_file_mode": null,
            "output_md5": "d4c7cf5751ad6f43617bf6e94b16e0e7",
            "output_path": "/tmp/calis-gcf-source.zip",
            "output_sha": "2e7223e6c203b8253cffb34ad5dd41a6bfe27a40",
            "output_size": 33124,
            "source": [],
            "source_content": null,
            "source_content_filename": null,
            "source_dir": "..",
            "source_file": null,
            "type": "zip"
          },
          "sensitive_attributes": []
        }
      ]
    },
    {
      "mode": "managed",
      "type": "google_cloudfunctions2_function",
      "name": "addChildren",
      "provider": "provider[\"registry.terraform.io/hashicorp/google\"]",
      "instances": [
        {
          "schema_version": 0,
          "attributes": {
            "build_config": [
              {
                "build": "projects/327782085729/locations/asia-southeast2/builds/76ff064f-99f5-47de-b8bd-848477b83f73",
                "docker_repository": "",
                "entry_point": "addChildren",
                "environment_variables": {
                  "GOOGLE_CLIENT_IDS": "327782085729-2ufk2e1fmmr67far9h9kdqlqnp7d0ssr.apps.googleusercontent.com,327782085729-h2n5snb0i2grgge995mkslhq3tgfd161.apps.googleusercontent.com,327782085729-964h8eq6s1ta2on9dag8r2g80l6kqoiq.apps.googleusercontent.com,327782085729-eqlor5jbl9cv3c06b77np9ic8so0sl01.apps.googleusercontent.com"
                },
                "runtime": "python310",
                "source": [
                  {
                    "repo_source": [],
                    "storage_source": [
                      {
                        "bucket": "calis-gcf-source",
                        "generation": 0,
                        "object": "calis-gcf-source.zip-d4c7cf5751ad6f43617bf6e94b16e0e7.zip"
                      }
                    ]
                  }
                ],
                "worker_pool": ""
              }
            ],
            "description": "add children for account",
            "environment": "GEN_2",
            "event_trigger": [],
            "id": "projects/calis-top50/locations/asia-southeast2/functions/addChildren",
            "labels": {},
            "location": "asia-southeast2",
            "name": "addChildren",
            "project": "calis-top50",
            "service_config": [
              {
                "all_traffic_on_latest_revision": true,
                "available_cpu": "0.1666",
                "available_memory": "256M",
                "environment_variables": {
                  "GOOGLE_CLIENT_IDS": "327782085729-2ufk2e1fmmr67far9h9kdqlqnp7d0ssr.apps.googleusercontent.com,327782085729-h2n5snb0i2grgge995mkslhq3tgfd161.apps.googleusercontent.com,327782085729-964h8eq6s1ta2on9dag8r2g80l6kqoiq.apps.googleusercontent.com,327782085729-eqlor5jbl9cv3c06b77np9ic8so0sl01.apps.googleusercontent.com"
                },
                "gcf_uri": "",
                "ingress_settings": "ALLOW_ALL",
                "max_instance_count": 1,
                "max_instance_request_concurrency": 1,
                "min_instance_count": 0,
                "secret_environment_variables": [],
                "secret_volumes": [],
                "service": "projects/calis-top50/locations/asia-southeast2/services/addchildren",
                "service_account_email": "327782085729-compute@developer.gserviceaccount.com",
                "timeout_seconds": 60,
                "uri": "https://addchildren-vws3d6ozda-et.a.run.app",
                "vpc_connector": "",
                "vpc_connector_egress_settings": ""
              }
            ],
            "state": "ACTIVE",
            "timeouts": null,
            "update_time": "2023-06-15T14:52:17.801889174Z"
          },
          "sensitive_attributes": [],
          "private": "eyJlMmJmYjczMC1lY2FhLTExZTYtOGY4OC0zNDM2M2JjN2M0YzAiOnsiY3JlYXRlIjozNjAwMDAwMDAwMDAwLCJkZWxldGUiOjM2MDAwMDAwMDAwMDAsInVwZGF0ZSI6MzYwMDAwMDAwMDAwMH19",
          "dependencies": [
            "data.archive_file.default",
            "google_storage_bucket.default",
            "google_storage_bucket_object.object"
          ]
        }
      ]
    },
    {
      "mode": "managed",
      "type": "google_cloudfunctions2_function",
      "name": "default",
      "provider": "provider[\"registry.terraform.io/hashicorp/google\"]",
      "instances": [
        {
          "schema_version": 0,
          "attributes": {
            "build_config": [
              {
                "build": "projects/327782085729/locations/asia-southeast2/builds/014ff8f8-00f8-44cd-a08c-73f74b33ecb3",
                "docker_repository": "",
                "entry_point": "whoami",
                "environment_variables": {
                  "GOOGLE_CLIENT_IDS": "327782085729-2ufk2e1fmmr67far9h9kdqlqnp7d0ssr.apps.googleusercontent.com,327782085729-h2n5snb0i2grgge995mkslhq3tgfd161.apps.googleusercontent.com,327782085729-964h8eq6s1ta2on9dag8r2g80l6kqoiq.apps.googleusercontent.com,327782085729-eqlor5jbl9cv3c06b77np9ic8so0sl01.apps.googleusercontent.com"
                },
                "runtime": "python310",
                "source": [
                  {
                    "repo_source": [],
                    "storage_source": [
                      {
                        "bucket": "calis-gcf-source",
                        "generation": 0,
                        "object": "calis-gcf-source.zip-d4c7cf5751ad6f43617bf6e94b16e0e7.zip"
                      }
                    ]
                  }
                ],
                "worker_pool": ""
              }
            ],
            "description": "auth echo for calis",
            "environment": "GEN_2",
            "event_trigger": [],
            "id": "projects/calis-top50/locations/asia-southeast2/functions/whoami",
            "labels": {},
            "location": "asia-southeast2",
            "name": "whoami",
            "project": "calis-top50",
            "service_config": [
              {
                "all_traffic_on_latest_revision": true,
                "available_cpu": "0.1666",
                "available_memory": "256M",
                "environment_variables": {
                  "GOOGLE_CLIENT_IDS": "327782085729-2ufk2e1fmmr67far9h9kdqlqnp7d0ssr.apps.googleusercontent.com,327782085729-h2n5snb0i2grgge995mkslhq3tgfd161.apps.googleusercontent.com,327782085729-964h8eq6s1ta2on9dag8r2g80l6kqoiq.apps.googleusercontent.com,327782085729-eqlor5jbl9cv3c06b77np9ic8so0sl01.apps.googleusercontent.com"
                },
                "gcf_uri": "",
                "ingress_settings": "ALLOW_ALL",
                "max_instance_count": 1,
                "max_instance_request_concurrency": 1,
                "min_instance_count": 0,
                "secret_environment_variables": [],
                "secret_volumes": [],
                "service": "projects/calis-top50/locations/asia-southeast2/services/whoami",
                "service_account_email": "327782085729-compute@developer.gserviceaccount.com",
                "timeout_seconds": 60,
                "uri": "https://whoami-vws3d6ozda-et.a.run.app",
                "vpc_connector": "",
                "vpc_connector_egress_settings": ""
              }
            ],
            "state": "ACTIVE",
            "timeouts": null,
            "update_time": "2023-06-15T14:52:24.333000706Z"
          },
          "sensitive_attributes": [],
          "private": "eyJlMmJmYjczMC1lY2FhLTExZTYtOGY4OC0zNDM2M2JjN2M0YzAiOnsiY3JlYXRlIjozNjAwMDAwMDAwMDAwLCJkZWxldGUiOjM2MDAwMDAwMDAwMDAsInVwZGF0ZSI6MzYwMDAwMDAwMDAwMH19",
          "dependencies": [
            "data.archive_file.default",
            "google_storage_bucket.default",
            "google_storage_bucket_object.object"
          ]
        }
      ]
    },
    {
      "mode": "managed",
      "type": "google_cloudfunctions2_function",
      "name": "deleteChild",
      "provider": "provider[\"registry.terraform.io/hashicorp/google\"]",
      "instances": [
        {
          "schema_version": 0,
          "attributes": {
            "build_config": [
              {
                "build": "projects/327782085729/locations/asia-southeast2/builds/48f2a232-f45d-4114-be50-37cb6f9500aa",
                "docker_repository": "",
                "entry_point": "deleteChild",
                "environment_variables": {
                  "GOOGLE_CLIENT_ID": "327782085729-2ufk2e1fmmr67far9h9kdqlqnp7d0ssr.apps.googleusercontent.com,327782085729-h2n5snb0i2grgge995mkslhq3tgfd161.apps.googleusercontent.com,327782085729-964h8eq6s1ta2on9dag8r2g80l6kqoiq.apps.googleusercontent.com,327782085729-eqlor5jbl9cv3c06b77np9ic8so0sl01.apps.googleusercontent.com"
                },
                "runtime": "python310",
                "source": [
                  {
                    "repo_source": [],
                    "storage_source": [
                      {
                        "bucket": "calis-gcf-source",
                        "generation": 0,
                        "object": "calis-gcf-source.zip-d4c7cf5751ad6f43617bf6e94b16e0e7.zip"
                      }
                    ]
                  }
                ],
                "worker_pool": ""
              }
            ],
            "description": "for report learning",
            "environment": "GEN_2",
            "event_trigger": [],
            "id": "projects/calis-top50/locations/asia-southeast2/functions/deleteChild",
            "labels": {},
            "location": "asia-southeast2",
            "name": "deleteChild",
            "project": "calis-top50",
            "service_config": [
              {
                "all_traffic_on_latest_revision": true,
                "available_cpu": "0.1666",
                "available_memory": "256M",
                "environment_variables": {
                  "GOOGLE_CLIENT_IDS": "327782085729-2ufk2e1fmmr67far9h9kdqlqnp7d0ssr.apps.googleusercontent.com,327782085729-h2n5snb0i2grgge995mkslhq3tgfd161.apps.googleusercontent.com,327782085729-964h8eq6s1ta2on9dag8r2g80l6kqoiq.apps.googleusercontent.com,327782085729-eqlor5jbl9cv3c06b77np9ic8so0sl01.apps.googleusercontent.com"
                },
                "gcf_uri": "",
                "ingress_settings": "ALLOW_ALL",
                "max_instance_count": 1,
                "max_instance_request_concurrency": 1,
                "min_instance_count": 0,
                "secret_environment_variables": [],
                "secret_volumes": [],
                "service": "projects/calis-top50/locations/asia-southeast2/services/deletechild",
                "service_account_email": "327782085729-compute@developer.gserviceaccount.com",
                "timeout_seconds": 60,
                "uri": "https://deletechild-vws3d6ozda-et.a.run.app",
                "vpc_connector": "",
                "vpc_connector_egress_settings": ""
              }
            ],
            "state": "ACTIVE",
            "timeouts": null,
            "update_time": "2023-06-15T14:52:18.572998800Z"
          },
          "sensitive_attributes": [],
          "private": "eyJlMmJmYjczMC1lY2FhLTExZTYtOGY4OC0zNDM2M2JjN2M0YzAiOnsiY3JlYXRlIjozNjAwMDAwMDAwMDAwLCJkZWxldGUiOjM2MDAwMDAwMDAwMDAsInVwZGF0ZSI6MzYwMDAwMDAwMDAwMH19",
          "dependencies": [
            "data.archive_file.default",
            "google_storage_bucket.default",
            "google_storage_bucket_object.object"
          ]
        }
      ]
    },
    {
      "mode": "managed",
      "type": "google_cloudfunctions2_function",
      "name": "docs",
      "provider": "provider[\"registry.terraform.io/hashicorp/google\"]",
      "instances": [
        {
          "schema_version": 0,
          "attributes": {
            "build_config": [
              {
                "build": "projects/327782085729/locations/asia-southeast2/builds/9a62029e-69db-4fa4-bd31-2ae091f5a42b",
                "docker_repository": "",
                "entry_point": "docs",
                "environment_variables": {
                  "GOOGLE_CLIENT_IDS": "327782085729-2ufk2e1fmmr67far9h9kdqlqnp7d0ssr.apps.googleusercontent.com,327782085729-h2n5snb0i2grgge995mkslhq3tgfd161.apps.googleusercontent.com,327782085729-964h8eq6s1ta2on9dag8r2g80l6kqoiq.apps.googleusercontent.com,327782085729-eqlor5jbl9cv3c06b77np9ic8so0sl01.apps.googleusercontent.com"
                },
                "runtime": "python310",
                "source": [
                  {
                    "repo_source": [],
                    "storage_source": [
                      {
                        "bucket": "calis-gcf-source",
                        "generation": 0,
                        "object": "calis-gcf-source.zip-d4c7cf5751ad6f43617bf6e94b16e0e7.zip"
                      }
                    ]
                  }
                ],
                "worker_pool": ""
              }
            ],
            "description": "docs",
            "environment": "GEN_2",
            "event_trigger": [],
            "id": "projects/calis-top50/locations/asia-southeast2/functions/docs",
            "labels": {},
            "location": "asia-southeast2",
            "name": "docs",
            "project": "calis-top50",
            "service_config": [
              {
                "all_traffic_on_latest_revision": true,
                "available_cpu": "0.1666",
                "available_memory": "256M",
                "environment_variables": {
                  "GOOGLE_CLIENT_IDS": "327782085729-2ufk2e1fmmr67far9h9kdqlqnp7d0ssr.apps.googleusercontent.com,327782085729-h2n5snb0i2grgge995mkslhq3tgfd161.apps.googleusercontent.com,327782085729-964h8eq6s1ta2on9dag8r2g80l6kqoiq.apps.googleusercontent.com,327782085729-eqlor5jbl9cv3c06b77np9ic8so0sl01.apps.googleusercontent.com"
                },
                "gcf_uri": "",
                "ingress_settings": "ALLOW_ALL",
                "max_instance_count": 1,
                "max_instance_request_concurrency": 1,
                "min_instance_count": 0,
                "secret_environment_variables": [],
                "secret_volumes": [],
                "service": "projects/calis-top50/locations/asia-southeast2/services/docs",
                "service_account_email": "327782085729-compute@developer.gserviceaccount.com",
                "timeout_seconds": 60,
                "uri": "https://docs-vws3d6ozda-et.a.run.app",
                "vpc_connector": "",
                "vpc_connector_egress_settings": ""
              }
            ],
            "state": "ACTIVE",
            "timeouts": null,
            "update_time": "2023-06-15T14:53:29.935290577Z"
          },
          "sensitive_attributes": [],
          "private": "eyJlMmJmYjczMC1lY2FhLTExZTYtOGY4OC0zNDM2M2JjN2M0YzAiOnsiY3JlYXRlIjozNjAwMDAwMDAwMDAwLCJkZWxldGUiOjM2MDAwMDAwMDAwMDAsInVwZGF0ZSI6MzYwMDAwMDAwMDAwMH19",
          "dependencies": [
            "data.archive_file.default",
            "google_storage_bucket.default",
            "google_storage_bucket_object.object"
          ]
        }
      ]
    },
    {
      "mode": "managed",
      "type": "google_cloudfunctions2_function",
      "name": "getChildById",
      "provider": "provider[\"registry.terraform.io/hashicorp/google\"]",
      "instances": [
        {
          "schema_version": 0,
          "attributes": {
            "build_config": [
              {
                "build": "projects/327782085729/locations/asia-southeast2/builds/82c819d9-d21f-42e0-9f4b-e4597cdf1813",
                "docker_repository": "",
                "entry_point": "getChildById",
                "environment_variables": {
                  "GOOGLE_CLIENT_ID": "327782085729-2ufk2e1fmmr67far9h9kdqlqnp7d0ssr.apps.googleusercontent.com,327782085729-h2n5snb0i2grgge995mkslhq3tgfd161.apps.googleusercontent.com,327782085729-964h8eq6s1ta2on9dag8r2g80l6kqoiq.apps.googleusercontent.com,327782085729-eqlor5jbl9cv3c06b77np9ic8so0sl01.apps.googleusercontent.com"
                },
                "runtime": "python310",
                "source": [
                  {
                    "repo_source": [],
                    "storage_source": [
                      {
                        "bucket": "calis-gcf-source",
                        "generation": 0,
                        "object": "calis-gcf-source.zip-d4c7cf5751ad6f43617bf6e94b16e0e7.zip"
                      }
                    ]
                  }
                ],
                "worker_pool": ""
              }
            ],
            "description": "get child by id",
            "environment": "GEN_2",
            "event_trigger": [],
            "id": "projects/calis-top50/locations/asia-southeast2/functions/getChildById",
            "labels": null,
            "location": "asia-southeast2",
            "name": "getChildById",
            "project": "calis-top50",
            "service_config": [
              {
                "all_traffic_on_latest_revision": true,
                "available_cpu": "0.1666",
                "available_memory": "256M",
                "environment_variables": {
                  "GOOGLE_CLIENT_IDS": "327782085729-2ufk2e1fmmr67far9h9kdqlqnp7d0ssr.apps.googleusercontent.com,327782085729-h2n5snb0i2grgge995mkslhq3tgfd161.apps.googleusercontent.com,327782085729-964h8eq6s1ta2on9dag8r2g80l6kqoiq.apps.googleusercontent.com,327782085729-eqlor5jbl9cv3c06b77np9ic8so0sl01.apps.googleusercontent.com"
                },
                "gcf_uri": "",
                "ingress_settings": "ALLOW_ALL",
                "max_instance_count": 1,
                "max_instance_request_concurrency": 1,
                "min_instance_count": 0,
                "secret_environment_variables": [],
                "secret_volumes": [],
                "service": "projects/calis-top50/locations/asia-southeast2/services/getchildbyid",
                "service_account_email": "327782085729-compute@developer.gserviceaccount.com",
                "timeout_seconds": 60,
                "uri": "https://getchildbyid-vws3d6ozda-et.a.run.app",
                "vpc_connector": "",
                "vpc_connector_egress_settings": ""
              }
            ],
            "state": "ACTIVE",
            "timeouts": null,
            "update_time": "2023-06-15T14:52:36.539934240Z"
          },
          "sensitive_attributes": [],
          "private": "eyJlMmJmYjczMC1lY2FhLTExZTYtOGY4OC0zNDM2M2JjN2M0YzAiOnsiY3JlYXRlIjozNjAwMDAwMDAwMDAwLCJkZWxldGUiOjM2MDAwMDAwMDAwMDAsInVwZGF0ZSI6MzYwMDAwMDAwMDAwMH19",
          "dependencies": [
            "data.archive_file.default",
            "google_storage_bucket.default",
            "google_storage_bucket_object.object"
          ]
        }
      ]
    },
    {
      "mode": "managed",
      "type": "google_cloudfunctions2_function",
      "name": "getLesson",
      "provider": "provider[\"registry.terraform.io/hashicorp/google\"]",
      "instances": [
        {
          "schema_version": 0,
          "attributes": {
            "build_config": [
              {
                "build": "projects/327782085729/locations/asia-southeast2/builds/5b81a971-8a87-4f67-be17-1325b07f3533",
                "docker_repository": "",
                "entry_point": "lesson",
                "environment_variables": {
                  "GOOGLE_CLIENT_ID": "327782085729-2ufk2e1fmmr67far9h9kdqlqnp7d0ssr.apps.googleusercontent.com,327782085729-h2n5snb0i2grgge995mkslhq3tgfd161.apps.googleusercontent.com,327782085729-964h8eq6s1ta2on9dag8r2g80l6kqoiq.apps.googleusercontent.com,327782085729-eqlor5jbl9cv3c06b77np9ic8so0sl01.apps.googleusercontent.com"
                },
                "runtime": "python310",
                "source": [
                  {
                    "repo_source": [],
                    "storage_source": [
                      {
                        "bucket": "calis-gcf-source",
                        "generation": 0,
                        "object": "calis-gcf-source.zip-d4c7cf5751ad6f43617bf6e94b16e0e7.zip"
                      }
                    ]
                  }
                ],
                "worker_pool": ""
              }
            ],
            "description": "for report learning",
            "environment": "GEN_2",
            "event_trigger": [],
            "id": "projects/calis-top50/locations/asia-southeast2/functions/getLesson",
            "labels": {},
            "location": "asia-southeast2",
            "name": "getLesson",
            "project": "calis-top50",
            "service_config": [
              {
                "all_traffic_on_latest_revision": true,
                "available_cpu": "0.1666",
                "available_memory": "256M",
                "environment_variables": {
                  "GOOGLE_CLIENT_IDS": "327782085729-2ufk2e1fmmr67far9h9kdqlqnp7d0ssr.apps.googleusercontent.com,327782085729-h2n5snb0i2grgge995mkslhq3tgfd161.apps.googleusercontent.com,327782085729-964h8eq6s1ta2on9dag8r2g80l6kqoiq.apps.googleusercontent.com,327782085729-eqlor5jbl9cv3c06b77np9ic8so0sl01.apps.googleusercontent.com"
                },
                "gcf_uri": "",
                "ingress_settings": "ALLOW_ALL",
                "max_instance_count": 1,
                "max_instance_request_concurrency": 1,
                "min_instance_count": 0,
                "secret_environment_variables": [],
                "secret_volumes": [],
                "service": "projects/calis-top50/locations/asia-southeast2/services/getlesson",
                "service_account_email": "327782085729-compute@developer.gserviceaccount.com",
                "timeout_seconds": 60,
                "uri": "https://getlesson-vws3d6ozda-et.a.run.app",
                "vpc_connector": "",
                "vpc_connector_egress_settings": ""
              }
            ],
            "state": "ACTIVE",
            "timeouts": null,
            "update_time": "2023-06-15T14:53:28.918995866Z"
          },
          "sensitive_attributes": [],
          "private": "eyJlMmJmYjczMC1lY2FhLTExZTYtOGY4OC0zNDM2M2JjN2M0YzAiOnsiY3JlYXRlIjozNjAwMDAwMDAwMDAwLCJkZWxldGUiOjM2MDAwMDAwMDAwMDAsInVwZGF0ZSI6MzYwMDAwMDAwMDAwMH19",
          "dependencies": [
            "data.archive_file.default",
            "google_storage_bucket.default",
            "google_storage_bucket_object.object"
          ]
        }
      ]
    },
    {
      "mode": "managed",
      "type": "google_cloudfunctions2_function",
      "name": "getLessonSByType",
      "provider": "provider[\"registry.terraform.io/hashicorp/google\"]",
      "instances": [
        {
          "schema_version": 0,
          "attributes": {
            "build_config": [
              {
                "build": "projects/327782085729/locations/asia-southeast2/builds/fc0a7408-6ed2-4ef0-b183-8fd051d760c9",
                "docker_repository": "",
                "entry_point": "getLessonSByType",
                "environment_variables": {
                  "GOOGLE_CLIENT_IDS": "327782085729-2ufk2e1fmmr67far9h9kdqlqnp7d0ssr.apps.googleusercontent.com,327782085729-h2n5snb0i2grgge995mkslhq3tgfd161.apps.googleusercontent.com,327782085729-964h8eq6s1ta2on9dag8r2g80l6kqoiq.apps.googleusercontent.com,327782085729-eqlor5jbl9cv3c06b77np9ic8so0sl01.apps.googleusercontent.com"
                },
                "runtime": "python310",
                "source": [
                  {
                    "repo_source": [],
                    "storage_source": [
                      {
                        "bucket": "calis-gcf-source",
                        "generation": 0,
                        "object": "calis-gcf-source.zip-d4c7cf5751ad6f43617bf6e94b16e0e7.zip"
                      }
                    ]
                  }
                ],
                "worker_pool": ""
              }
            ],
            "description": "get lesson by type",
            "environment": "GEN_2",
            "event_trigger": [],
            "id": "projects/calis-top50/locations/asia-southeast2/functions/getLessonSByType",
            "labels": {},
            "location": "asia-southeast2",
            "name": "getLessonSByType",
            "project": "calis-top50",
            "service_config": [
              {
                "all_traffic_on_latest_revision": true,
                "available_cpu": "0.1666",
                "available_memory": "256M",
                "environment_variables": {
                  "GOOGLE_CLIENT_IDS": "327782085729-2ufk2e1fmmr67far9h9kdqlqnp7d0ssr.apps.googleusercontent.com,327782085729-h2n5snb0i2grgge995mkslhq3tgfd161.apps.googleusercontent.com,327782085729-964h8eq6s1ta2on9dag8r2g80l6kqoiq.apps.googleusercontent.com,327782085729-eqlor5jbl9cv3c06b77np9ic8so0sl01.apps.googleusercontent.com"
                },
                "gcf_uri": "",
                "ingress_settings": "ALLOW_ALL",
                "max_instance_count": 1,
                "max_instance_request_concurrency": 1,
                "min_instance_count": 0,
                "secret_environment_variables": [],
                "secret_volumes": [],
                "service": "projects/calis-top50/locations/asia-southeast2/services/getlessonsbytype",
                "service_account_email": "327782085729-compute@developer.gserviceaccount.com",
                "timeout_seconds": 60,
                "uri": "https://getlessonsbytype-vws3d6ozda-et.a.run.app",
                "vpc_connector": "",
                "vpc_connector_egress_settings": ""
              }
            ],
            "state": "ACTIVE",
            "timeouts": null,
            "update_time": "2023-06-15T14:52:31.671206183Z"
          },
          "sensitive_attributes": [],
          "private": "eyJlMmJmYjczMC1lY2FhLTExZTYtOGY4OC0zNDM2M2JjN2M0YzAiOnsiY3JlYXRlIjozNjAwMDAwMDAwMDAwLCJkZWxldGUiOjM2MDAwMDAwMDAwMDAsInVwZGF0ZSI6MzYwMDAwMDAwMDAwMH19",
          "dependencies": [
            "data.archive_file.default",
            "google_storage_bucket.default",
            "google_storage_bucket_object.object"
          ]
        }
      ]
    },
    {
      "mode": "managed",
      "type": "google_cloudfunctions2_function",
      "name": "getQuestion",
      "provider": "provider[\"registry.terraform.io/hashicorp/google\"]",
      "instances": [
        {
          "schema_version": 0,
          "attributes": {
            "build_config": [
              {
                "build": "projects/327782085729/locations/asia-southeast2/builds/2ce9c383-60c1-46f0-862f-dce5b20c5e2a",
                "docker_repository": "",
                "entry_point": "question",
                "environment_variables": {
                  "GOOGLE_CLIENT_ID": "327782085729-2ufk2e1fmmr67far9h9kdqlqnp7d0ssr.apps.googleusercontent.com,327782085729-h2n5snb0i2grgge995mkslhq3tgfd161.apps.googleusercontent.com,327782085729-964h8eq6s1ta2on9dag8r2g80l6kqoiq.apps.googleusercontent.com,327782085729-eqlor5jbl9cv3c06b77np9ic8so0sl01.apps.googleusercontent.com"
                },
                "runtime": "python310",
                "source": [
                  {
                    "repo_source": [],
                    "storage_source": [
                      {
                        "bucket": "calis-gcf-source",
                        "generation": 0,
                        "object": "calis-gcf-source.zip-d4c7cf5751ad6f43617bf6e94b16e0e7.zip"
                      }
                    ]
                  }
                ],
                "worker_pool": ""
              }
            ],
            "description": "for report learning",
            "environment": "GEN_2",
            "event_trigger": [],
            "id": "projects/calis-top50/locations/asia-southeast2/functions/getQuestion",
            "labels": {},
            "location": "asia-southeast2",
            "name": "getQuestion",
            "project": "calis-top50",
            "service_config": [
              {
                "all_traffic_on_latest_revision": true,
                "available_cpu": "0.1666",
                "available_memory": "256M",
                "environment_variables": {
                  "GOOGLE_CLIENT_IDS": "327782085729-2ufk2e1fmmr67far9h9kdqlqnp7d0ssr.apps.googleusercontent.com,327782085729-h2n5snb0i2grgge995mkslhq3tgfd161.apps.googleusercontent.com,327782085729-964h8eq6s1ta2on9dag8r2g80l6kqoiq.apps.googleusercontent.com,327782085729-eqlor5jbl9cv3c06b77np9ic8so0sl01.apps.googleusercontent.com"
                },
                "gcf_uri": "",
                "ingress_settings": "ALLOW_ALL",
                "max_instance_count": 1,
                "max_instance_request_concurrency": 1,
                "min_instance_count": 0,
                "secret_environment_variables": [],
                "secret_volumes": [],
                "service": "projects/calis-top50/locations/asia-southeast2/services/getquestion",
                "service_account_email": "327782085729-compute@developer.gserviceaccount.com",
                "timeout_seconds": 60,
                "uri": "https://getquestion-vws3d6ozda-et.a.run.app",
                "vpc_connector": "",
                "vpc_connector_egress_settings": ""
              }
            ],
            "state": "ACTIVE",
            "timeouts": null,
            "update_time": "2023-06-15T14:52:20.411614691Z"
          },
          "sensitive_attributes": [],
          "private": "eyJlMmJmYjczMC1lY2FhLTExZTYtOGY4OC0zNDM2M2JjN2M0YzAiOnsiY3JlYXRlIjozNjAwMDAwMDAwMDAwLCJkZWxldGUiOjM2MDAwMDAwMDAwMDAsInVwZGF0ZSI6MzYwMDAwMDAwMDAwMH19",
          "dependencies": [
            "data.archive_file.default",
            "google_storage_bucket.default",
            "google_storage_bucket_object.object"
          ]
        }
      ]
    },
    {
      "mode": "managed",
      "type": "google_cloudfunctions2_function",
      "name": "insertLessons",
      "provider": "provider[\"registry.terraform.io/hashicorp/google\"]",
      "instances": [
        {
          "schema_version": 0,
          "attributes": {
            "build_config": [
              {
                "build": "projects/327782085729/locations/asia-southeast2/builds/fcb8229e-3b20-4f18-9c64-90046ee05819",
                "docker_repository": "",
                "entry_point": "insertLessons",
                "environment_variables": {
                  "GOOGLE_CLIENT_IDS": "327782085729-2ufk2e1fmmr67far9h9kdqlqnp7d0ssr.apps.googleusercontent.com,327782085729-h2n5snb0i2grgge995mkslhq3tgfd161.apps.googleusercontent.com,327782085729-964h8eq6s1ta2on9dag8r2g80l6kqoiq.apps.googleusercontent.com,327782085729-eqlor5jbl9cv3c06b77np9ic8so0sl01.apps.googleusercontent.com"
                },
                "runtime": "python310",
                "source": [
                  {
                    "repo_source": [],
                    "storage_source": [
                      {
                        "bucket": "calis-gcf-source",
                        "generation": 0,
                        "object": "calis-gcf-source.zip-d4c7cf5751ad6f43617bf6e94b16e0e7.zip"
                      }
                    ]
                  }
                ],
                "worker_pool": ""
              }
            ],
            "description": "insert multiple lessons",
            "environment": "GEN_2",
            "event_trigger": [],
            "id": "projects/calis-top50/locations/asia-southeast2/functions/insertLessons",
            "labels": {},
            "location": "asia-southeast2",
            "name": "insertLessons",
            "project": "calis-top50",
            "service_config": [
              {
                "all_traffic_on_latest_revision": true,
                "available_cpu": "0.1666",
                "available_memory": "256M",
                "environment_variables": {
                  "GOOGLE_CLIENT_IDS": "327782085729-2ufk2e1fmmr67far9h9kdqlqnp7d0ssr.apps.googleusercontent.com,327782085729-h2n5snb0i2grgge995mkslhq3tgfd161.apps.googleusercontent.com,327782085729-964h8eq6s1ta2on9dag8r2g80l6kqoiq.apps.googleusercontent.com,327782085729-eqlor5jbl9cv3c06b77np9ic8so0sl01.apps.googleusercontent.com"
                },
                "gcf_uri": "",
                "ingress_settings": "ALLOW_ALL",
                "max_instance_count": 1,
                "max_instance_request_concurrency": 1,
                "min_instance_count": 0,
                "secret_environment_variables": [],
                "secret_volumes": [],
                "service": "projects/calis-top50/locations/asia-southeast2/services/insertlessons",
                "service_account_email": "327782085729-compute@developer.gserviceaccount.com",
                "timeout_seconds": 60,
                "uri": "https://insertlessons-vws3d6ozda-et.a.run.app",
                "vpc_connector": "",
                "vpc_connector_egress_settings": ""
              }
            ],
            "state": "ACTIVE",
            "timeouts": null,
            "update_time": "2023-06-15T14:53:23.786441856Z"
          },
          "sensitive_attributes": [],
          "private": "eyJlMmJmYjczMC1lY2FhLTExZTYtOGY4OC0zNDM2M2JjN2M0YzAiOnsiY3JlYXRlIjozNjAwMDAwMDAwMDAwLCJkZWxldGUiOjM2MDAwMDAwMDAwMDAsInVwZGF0ZSI6MzYwMDAwMDAwMDAwMH19",
          "dependencies": [
            "data.archive_file.default",
            "google_storage_bucket.default",
            "google_storage_bucket_object.object"
          ]
        }
      ]
    },
    {
      "mode": "managed",
      "type": "google_cloudfunctions2_function",
      "name": "login",
      "provider": "provider[\"registry.terraform.io/hashicorp/google\"]",
      "instances": [
        {
          "schema_version": 0,
          "attributes": {
            "build_config": [
              {
                "build": "projects/327782085729/locations/asia-southeast2/builds/66bfbb9e-194e-4ef9-bc1e-cfb269844294",
                "docker_repository": "",
                "entry_point": "login",
                "environment_variables": {
                  "GOOGLE_CLIENT_IDS": "327782085729-2ufk2e1fmmr67far9h9kdqlqnp7d0ssr.apps.googleusercontent.com,327782085729-h2n5snb0i2grgge995mkslhq3tgfd161.apps.googleusercontent.com,327782085729-964h8eq6s1ta2on9dag8r2g80l6kqoiq.apps.googleusercontent.com,327782085729-eqlor5jbl9cv3c06b77np9ic8so0sl01.apps.googleusercontent.com"
                },
                "runtime": "python310",
                "source": [
                  {
                    "repo_source": [],
                    "storage_source": [
                      {
                        "bucket": "calis-gcf-source",
                        "generation": 0,
                        "object": "calis-gcf-source.zip-d4c7cf5751ad6f43617bf6e94b16e0e7.zip"
                      }
                    ]
                  }
                ],
                "worker_pool": ""
              }
            ],
            "description": "login and register for calis",
            "environment": "GEN_2",
            "event_trigger": [],
            "id": "projects/calis-top50/locations/asia-southeast2/functions/login",
            "labels": {},
            "location": "asia-southeast2",
            "name": "login",
            "project": "calis-top50",
            "service_config": [
              {
                "all_traffic_on_latest_revision": true,
                "available_cpu": "0.1666",
                "available_memory": "256M",
                "environment_variables": {
                  "GOOGLE_CLIENT_IDS": "327782085729-2ufk2e1fmmr67far9h9kdqlqnp7d0ssr.apps.googleusercontent.com,327782085729-h2n5snb0i2grgge995mkslhq3tgfd161.apps.googleusercontent.com,327782085729-964h8eq6s1ta2on9dag8r2g80l6kqoiq.apps.googleusercontent.com,327782085729-eqlor5jbl9cv3c06b77np9ic8so0sl01.apps.googleusercontent.com"
                },
                "gcf_uri": "",
                "ingress_settings": "ALLOW_ALL",
                "max_instance_count": 1,
                "max_instance_request_concurrency": 1,
                "min_instance_count": 0,
                "secret_environment_variables": [],
                "secret_volumes": [],
                "service": "projects/calis-top50/locations/asia-southeast2/services/login",
                "service_account_email": "327782085729-compute@developer.gserviceaccount.com",
                "timeout_seconds": 60,
                "uri": "https://login-vws3d6ozda-et.a.run.app",
                "vpc_connector": "",
                "vpc_connector_egress_settings": ""
              }
            ],
            "state": "ACTIVE",
            "timeouts": null,
            "update_time": "2023-06-15T14:52:23.253981372Z"
          },
          "sensitive_attributes": [],
          "private": "eyJlMmJmYjczMC1lY2FhLTExZTYtOGY4OC0zNDM2M2JjN2M0YzAiOnsiY3JlYXRlIjozNjAwMDAwMDAwMDAwLCJkZWxldGUiOjM2MDAwMDAwMDAwMDAsInVwZGF0ZSI6MzYwMDAwMDAwMDAwMH19",
          "dependencies": [
            "data.archive_file.default",
            "google_storage_bucket.default",
            "google_storage_bucket_object.object"
          ]
        }
      ]
    },
    {
      "mode": "managed",
      "type": "google_cloudfunctions2_function",
      "name": "personalLesson",
      "provider": "provider[\"registry.terraform.io/hashicorp/google\"]",
      "instances": [
        {
          "schema_version": 0,
          "attributes": {
            "build_config": [
              {
                "build": "projects/327782085729/locations/asia-southeast2/builds/9fe7c9a8-1a7c-4fc8-8cb5-9bbfbe150d6d",
                "docker_repository": "",
                "entry_point": "personalLesson",
                "environment_variables": {
                  "GOOGLE_CLIENT_ID": "327782085729-2ufk2e1fmmr67far9h9kdqlqnp7d0ssr.apps.googleusercontent.com,327782085729-h2n5snb0i2grgge995mkslhq3tgfd161.apps.googleusercontent.com,327782085729-964h8eq6s1ta2on9dag8r2g80l6kqoiq.apps.googleusercontent.com,327782085729-eqlor5jbl9cv3c06b77np9ic8so0sl01.apps.googleusercontent.com"
                },
                "runtime": "python310",
                "source": [
                  {
                    "repo_source": [],
                    "storage_source": [
                      {
                        "bucket": "calis-gcf-source",
                        "generation": 0,
                        "object": "calis-gcf-source.zip-d4c7cf5751ad6f43617bf6e94b16e0e7.zip"
                      }
                    ]
                  }
                ],
                "worker_pool": ""
              }
            ],
            "description": "for report learning",
            "environment": "GEN_2",
            "event_trigger": [],
            "id": "projects/calis-top50/locations/asia-southeast2/functions/personalLesson",
            "labels": {},
            "location": "asia-southeast2",
            "name": "personalLesson",
            "project": "calis-top50",
            "service_config": [
              {
                "all_traffic_on_latest_revision": true,
                "available_cpu": "0.1666",
                "available_memory": "256M",
                "environment_variables": {
                  "GOOGLE_CLIENT_IDS": "327782085729-2ufk2e1fmmr67far9h9kdqlqnp7d0ssr.apps.googleusercontent.com,327782085729-h2n5snb0i2grgge995mkslhq3tgfd161.apps.googleusercontent.com,327782085729-964h8eq6s1ta2on9dag8r2g80l6kqoiq.apps.googleusercontent.com,327782085729-eqlor5jbl9cv3c06b77np9ic8so0sl01.apps.googleusercontent.com"
                },
                "gcf_uri": "",
                "ingress_settings": "ALLOW_ALL",
                "max_instance_count": 1,
                "max_instance_request_concurrency": 1,
                "min_instance_count": 0,
                "secret_environment_variables": [],
                "secret_volumes": [],
                "service": "projects/calis-top50/locations/asia-southeast2/services/personallesson",
                "service_account_email": "327782085729-compute@developer.gserviceaccount.com",
                "timeout_seconds": 60,
                "uri": "https://personallesson-vws3d6ozda-et.a.run.app",
                "vpc_connector": "",
                "vpc_connector_egress_settings": ""
              }
            ],
            "state": "ACTIVE",
            "timeouts": null,
            "update_time": "2023-06-15T14:52:17.996863752Z"
          },
          "sensitive_attributes": [],
          "private": "eyJlMmJmYjczMC1lY2FhLTExZTYtOGY4OC0zNDM2M2JjN2M0YzAiOnsiY3JlYXRlIjozNjAwMDAwMDAwMDAwLCJkZWxldGUiOjM2MDAwMDAwMDAwMDAsInVwZGF0ZSI6MzYwMDAwMDAwMDAwMH19",
          "dependencies": [
            "data.archive_file.default",
            "google_storage_bucket.default",
            "google_storage_bucket_object.object"
          ]
        }
      ]
    },
    {
      "mode": "managed",
      "type": "google_cloudfunctions2_function",
      "name": "updateChild",
      "provider": "provider[\"registry.terraform.io/hashicorp/google\"]",
      "instances": [
        {
          "schema_version": 0,
          "attributes": {
            "build_config": [
              {
                "build": "projects/327782085729/locations/asia-southeast2/builds/a79400f5-f4fe-4d37-a8a3-987372fd6323",
                "docker_repository": "",
                "entry_point": "updateChild",
                "environment_variables": {
                  "GOOGLE_CLIENT_ID": "327782085729-2ufk2e1fmmr67far9h9kdqlqnp7d0ssr.apps.googleusercontent.com,327782085729-h2n5snb0i2grgge995mkslhq3tgfd161.apps.googleusercontent.com,327782085729-964h8eq6s1ta2on9dag8r2g80l6kqoiq.apps.googleusercontent.com,327782085729-eqlor5jbl9cv3c06b77np9ic8so0sl01.apps.googleusercontent.com"
                },
                "runtime": "python310",
                "source": [
                  {
                    "repo_source": [],
                    "storage_source": [
                      {
                        "bucket": "calis-gcf-source",
                        "generation": 0,
                        "object": "calis-gcf-source.zip-d4c7cf5751ad6f43617bf6e94b16e0e7.zip"
                      }
                    ]
                  }
                ],
                "worker_pool": ""
              }
            ],
            "description": "for report learning",
            "environment": "GEN_2",
            "event_trigger": [],
            "id": "projects/calis-top50/locations/asia-southeast2/functions/updateChild",
            "labels": {},
            "location": "asia-southeast2",
            "name": "updateChild",
            "project": "calis-top50",
            "service_config": [
              {
                "all_traffic_on_latest_revision": true,
                "available_cpu": "0.1666",
                "available_memory": "256M",
                "environment_variables": {
                  "GOOGLE_CLIENT_IDS": "327782085729-2ufk2e1fmmr67far9h9kdqlqnp7d0ssr.apps.googleusercontent.com,327782085729-h2n5snb0i2grgge995mkslhq3tgfd161.apps.googleusercontent.com,327782085729-964h8eq6s1ta2on9dag8r2g80l6kqoiq.apps.googleusercontent.com,327782085729-eqlor5jbl9cv3c06b77np9ic8so0sl01.apps.googleusercontent.com"
                },
                "gcf_uri": "",
                "ingress_settings": "ALLOW_ALL",
                "max_instance_count": 1,
                "max_instance_request_concurrency": 1,
                "min_instance_count": 0,
                "secret_environment_variables": [],
                "secret_volumes": [],
                "service": "projects/calis-top50/locations/asia-southeast2/services/updatechild",
                "service_account_email": "327782085729-compute@developer.gserviceaccount.com",
                "timeout_seconds": 60,
                "uri": "https://updatechild-vws3d6ozda-et.a.run.app",
                "vpc_connector": "",
                "vpc_connector_egress_settings": ""
              }
            ],
            "state": "ACTIVE",
            "timeouts": null,
            "update_time": "2023-06-15T14:52:20.171373670Z"
          },
          "sensitive_attributes": [],
          "private": "eyJlMmJmYjczMC1lY2FhLTExZTYtOGY4OC0zNDM2M2JjN2M0YzAiOnsiY3JlYXRlIjozNjAwMDAwMDAwMDAwLCJkZWxldGUiOjM2MDAwMDAwMDAwMDAsInVwZGF0ZSI6MzYwMDAwMDAwMDAwMH19",
          "dependencies": [
            "data.archive_file.default",
            "google_storage_bucket.default",
            "google_storage_bucket_object.object"
          ]
        }
      ]
    },
    {
      "mode": "managed",
      "type": "google_cloudfunctions2_function",
      "name": "updateUserLearning",
      "provider": "provider[\"registry.terraform.io/hashicorp/google\"]",
      "instances": [
        {
          "schema_version": 0,
          "attributes": {
            "build_config": [
              {
                "build": "projects/327782085729/locations/asia-southeast2/builds/2ebf6f3f-9a11-48aa-85e9-43e23a2f4e26",
                "docker_repository": "",
                "entry_point": "updateUserLearning",
                "environment_variables": {
                  "GOOGLE_CLIENT_ID": "327782085729-2ufk2e1fmmr67far9h9kdqlqnp7d0ssr.apps.googleusercontent.com,327782085729-h2n5snb0i2grgge995mkslhq3tgfd161.apps.googleusercontent.com,327782085729-964h8eq6s1ta2on9dag8r2g80l6kqoiq.apps.googleusercontent.com,327782085729-eqlor5jbl9cv3c06b77np9ic8so0sl01.apps.googleusercontent.com"
                },
                "runtime": "python310",
                "source": [
                  {
                    "repo_source": [],
                    "storage_source": [
                      {
                        "bucket": "calis-gcf-source",
                        "generation": 0,
                        "object": "calis-gcf-source.zip-d4c7cf5751ad6f43617bf6e94b16e0e7.zip"
                      }
                    ]
                  }
                ],
                "worker_pool": ""
              }
            ],
            "description": "get lesson progress from Android",
            "environment": "GEN_2",
            "event_trigger": [],
            "id": "projects/calis-top50/locations/asia-southeast2/functions/updateUserLearning",
            "labels": {},
            "location": "asia-southeast2",
            "name": "updateUserLearning",
            "project": "calis-top50",
            "service_config": [
              {
                "all_traffic_on_latest_revision": true,
                "available_cpu": "0.1666",
                "available_memory": "256M",
                "environment_variables": {
                  "GOOGLE_CLIENT_IDS": "327782085729-2ufk2e1fmmr67far9h9kdqlqnp7d0ssr.apps.googleusercontent.com,327782085729-h2n5snb0i2grgge995mkslhq3tgfd161.apps.googleusercontent.com,327782085729-964h8eq6s1ta2on9dag8r2g80l6kqoiq.apps.googleusercontent.com,327782085729-eqlor5jbl9cv3c06b77np9ic8so0sl01.apps.googleusercontent.com"
                },
                "gcf_uri": "",
                "ingress_settings": "ALLOW_ALL",
                "max_instance_count": 1,
                "max_instance_request_concurrency": 1,
                "min_instance_count": 0,
                "secret_environment_variables": [],
                "secret_volumes": [],
                "service": "projects/calis-top50/locations/asia-southeast2/services/updateuserlearning",
                "service_account_email": "327782085729-compute@developer.gserviceaccount.com",
                "timeout_seconds": 60,
                "uri": "https://updateuserlearning-vws3d6ozda-et.a.run.app",
                "vpc_connector": "",
                "vpc_connector_egress_settings": ""
              }
            ],
            "state": "ACTIVE",
            "timeouts": null,
            "update_time": "2023-06-15T14:53:25.584332340Z"
          },
          "sensitive_attributes": [],
          "private": "eyJlMmJmYjczMC1lY2FhLTExZTYtOGY4OC0zNDM2M2JjN2M0YzAiOnsiY3JlYXRlIjozNjAwMDAwMDAwMDAwLCJkZWxldGUiOjM2MDAwMDAwMDAwMDAsInVwZGF0ZSI6MzYwMDAwMDAwMDAwMH19",
          "dependencies": [
            "data.archive_file.default",
            "google_storage_bucket.default",
            "google_storage_bucket_object.object"
          ]
        }
      ]
    },
    {
      "mode": "managed",
      "type": "google_cloudfunctions2_function",
      "name": "userReport",
      "provider": "provider[\"registry.terraform.io/hashicorp/google\"]",
      "instances": [
        {
          "schema_version": 0,
          "attributes": {
            "build_config": [
              {
                "build": "projects/327782085729/locations/asia-southeast2/builds/5b3b5be1-88b1-4c6b-af02-0ec3ec89c1db",
                "docker_repository": "",
                "entry_point": "userReport",
                "environment_variables": {
                  "GOOGLE_CLIENT_ID": "327782085729-2ufk2e1fmmr67far9h9kdqlqnp7d0ssr.apps.googleusercontent.com,327782085729-h2n5snb0i2grgge995mkslhq3tgfd161.apps.googleusercontent.com,327782085729-964h8eq6s1ta2on9dag8r2g80l6kqoiq.apps.googleusercontent.com,327782085729-eqlor5jbl9cv3c06b77np9ic8so0sl01.apps.googleusercontent.com"
                },
                "runtime": "python310",
                "source": [
                  {
                    "repo_source": [],
                    "storage_source": [
                      {
                        "bucket": "calis-gcf-source",
                        "generation": 0,
                        "object": "calis-gcf-source.zip-d4c7cf5751ad6f43617bf6e94b16e0e7.zip"
                      }
                    ]
                  }
                ],
                "worker_pool": ""
              }
            ],
            "description": "for report learning",
            "environment": "GEN_2",
            "event_trigger": [],
            "id": "projects/calis-top50/locations/asia-southeast2/functions/userReport",
            "labels": {},
            "location": "asia-southeast2",
            "name": "userReport",
            "project": "calis-top50",
            "service_config": [
              {
                "all_traffic_on_latest_revision": true,
                "available_cpu": "0.1666",
                "available_memory": "256M",
                "environment_variables": {
                  "GOOGLE_CLIENT_IDS": "327782085729-2ufk2e1fmmr67far9h9kdqlqnp7d0ssr.apps.googleusercontent.com,327782085729-h2n5snb0i2grgge995mkslhq3tgfd161.apps.googleusercontent.com,327782085729-964h8eq6s1ta2on9dag8r2g80l6kqoiq.apps.googleusercontent.com,327782085729-eqlor5jbl9cv3c06b77np9ic8so0sl01.apps.googleusercontent.com"
                },
                "gcf_uri": "",
                "ingress_settings": "ALLOW_ALL",
                "max_instance_count": 1,
                "max_instance_request_concurrency": 1,
                "min_instance_count": 0,
                "secret_environment_variables": [],
                "secret_volumes": [],
                "service": "projects/calis-top50/locations/asia-southeast2/services/userreport",
                "service_account_email": "327782085729-compute@developer.gserviceaccount.com",
                "timeout_seconds": 60,
                "uri": "https://userreport-vws3d6ozda-et.a.run.app",
                "vpc_connector": "",
                "vpc_connector_egress_settings": ""
              }
            ],
            "state": "ACTIVE",
            "timeouts": null,
            "update_time": "2023-06-15T14:52:22.248773756Z"
          },
          "sensitive_attributes": [],
          "private": "eyJlMmJmYjczMC1lY2FhLTExZTYtOGY4OC0zNDM2M2JjN2M0YzAiOnsiY3JlYXRlIjozNjAwMDAwMDAwMDAwLCJkZWxldGUiOjM2MDAwMDAwMDAwMDAsInVwZGF0ZSI6MzYwMDAwMDAwMDAwMH19",
          "dependencies": [
            "data.archive_file.default",
            "google_storage_bucket.default",
            "google_storage_bucket_object.object"
          ]
        }
      ]
    },
    {
      "mode": "managed",
      "type": "google_storage_bucket",
      "name": "default",
      "provider": "provider[\"registry.terraform.io/hashicorp/google\"]",
      "instances": [
        {
          "schema_version": 0,
          "attributes": {
            "autoclass": [],
            "cors": [],
            "custom_placement_config": [],
            "default_event_based_hold": false,
            "encryption": [],
            "force_destroy": false,
            "id": "calis-gcf-source",
            "labels": {},
            "lifecycle_rule": [],
            "location": "ASIA-SOUTHEAST2",
            "logging": [],
            "name": "calis-gcf-source",
            "project": "calis-top50",
            "public_access_prevention": "inherited",
            "requester_pays": false,
            "retention_policy": [],
            "self_link": "https://www.googleapis.com/storage/v1/b/calis-gcf-source",
            "storage_class": "STANDARD",
            "timeouts": null,
            "uniform_bucket_level_access": true,
            "url": "gs://calis-gcf-source",
            "versioning": [],
            "website": []
          },
          "sensitive_attributes": [],
          "private": "eyJlMmJmYjczMC1lY2FhLTExZTYtOGY4OC0zNDM2M2JjN2M0YzAiOnsiY3JlYXRlIjo2MDAwMDAwMDAwMDAsInJlYWQiOjI0MDAwMDAwMDAwMCwidXBkYXRlIjoyNDAwMDAwMDAwMDB9fQ=="
        }
      ]
    },
    {
      "mode": "managed",
      "type": "google_storage_bucket_object",
      "name": "object",
      "provider": "provider[\"registry.terraform.io/hashicorp/google\"]",
      "instances": [
        {
          "schema_version": 0,
          "attributes": {
            "bucket": "calis-gcf-source",
            "cache_control": "",
            "content": null,
            "content_disposition": "",
            "content_encoding": "",
            "content_language": "",
            "content_type": "application/zip",
            "crc32c": "iK/OcA==",
            "customer_encryption": [],
            "detect_md5hash": "1MfPV1Gtb0Nhe/bpSxbg5w==",
            "event_based_hold": false,
            "id": "calis-gcf-source-calis-gcf-source.zip-d4c7cf5751ad6f43617bf6e94b16e0e7.zip",
            "kms_key_name": "",
            "md5hash": "1MfPV1Gtb0Nhe/bpSxbg5w==",
            "media_link": "https://storage.googleapis.com/download/storage/v1/b/calis-gcf-source/o/calis-gcf-source.zip-d4c7cf5751ad6f43617bf6e94b16e0e7.zip?generation=1686840684362512\u0026alt=media",
            "metadata": null,
            "name": "calis-gcf-source.zip-d4c7cf5751ad6f43617bf6e94b16e0e7.zip",
            "output_name": "calis-gcf-source.zip-d4c7cf5751ad6f43617bf6e94b16e0e7.zip",
            "self_link": "https://www.googleapis.com/storage/v1/b/calis-gcf-source/o/calis-gcf-source.zip-d4c7cf5751ad6f43617bf6e94b16e0e7.zip",
            "source": "/tmp/calis-gcf-source.zip",
            "storage_class": "STANDARD",
            "temporary_hold": false,
            "timeouts": null
          },
          "sensitive_attributes": [],
          "private": "eyJlMmJmYjczMC1lY2FhLTExZTYtOGY4OC0zNDM2M2JjN2M0YzAiOnsiY3JlYXRlIjoyNDAwMDAwMDAwMDAsImRlbGV0ZSI6MjQwMDAwMDAwMDAwLCJ1cGRhdGUiOjI0MDAwMDAwMDAwMH19",
          "dependencies": [
            "data.archive_file.default",
            "google_storage_bucket.default"
          ]
        }
      ]
    }
  ],
  "check_results": null
}
