{
  "version": 4,
  "terraform_version": "1.4.6",
  "serial": 160,
  "lineage": "6f37f015-861a-d1d4-5255-ceecfa2c0c27",
  "outputs": {
    "addChildren_url": {
      "value": "https://addchildren-vws3d6ozda-et.a.run.app",
      "type": "string"
    },
    "docs_url": {
      "value": "https://docs-vws3d6ozda-et.a.run.app",
      "type": "string"
    },
    "getLessonSByType_url": {
      "value": "https://getlessonsbytype-vws3d6ozda-et.a.run.app",
      "type": "string"
    },
    "insertLessons_url": {
      "value": "https://insertlessons-vws3d6ozda-et.a.run.app",
      "type": "string"
    },
    "login_url": {
      "value": "https://login-vws3d6ozda-et.a.run.app",
      "type": "string"
    },
    "whoami_url": {
      "value": "https://whoami-vws3d6ozda-et.a.run.app",
      "type": "string"
    }
  },
  "resources": [
    {
      "mode": "data",
      "type": "archive_file",
      "name": "default",
      "provider": "provider[\"registry.terraform.io/hashicorp/archive\"]",
      "instances": [
        {
          "schema_version": 0,
          "attributes": {
            "excludes": [
              ".*",
              ".git",
              ".git.*",
              ".terraform",
              ".terraform.*",
              ".vscode",
              "__pycache__",
              "cred",
              "terraform",
              "terraform.*",
              "venv",
              "venv.*"
            ],
            "id": "f55125fabdfd5b8a7e7b6480e07bade1be06a98e",
            "output_base64sha256": "J7mVh3KNG/DSd8/1HJnCASx0N+4sKhKsQay/8yF8iMI=",
            "output_file_mode": null,
            "output_md5": "657ee2b7499839b250882a4fcdc2ec4a",
            "output_path": "/tmp/calis-gcf-source.zip",
            "output_sha": "f55125fabdfd5b8a7e7b6480e07bade1be06a98e",
            "output_size": 17977,
            "source": [],
            "source_content": null,
            "source_content_filename": null,
            "source_dir": "..",
            "source_file": null,
            "type": "zip"
          },
          "sensitive_attributes": []
        }
      ]
    },
    {
      "mode": "managed",
      "type": "google_cloudfunctions2_function",
      "name": "addChildren",
      "provider": "provider[\"registry.terraform.io/hashicorp/google\"]",
      "instances": [
        {
          "schema_version": 0,
          "attributes": {
            "build_config": [
              {
                "build": "projects/327782085729/locations/asia-southeast2/builds/9bb61d7f-d556-4d87-b396-3ca3ad126b29",
                "docker_repository": "",
                "entry_point": "addChildren",
                "environment_variables": {
                  "GOOGLE_CLIENT_IDS": "327782085729-2ufk2e1fmmr67far9h9kdqlqnp7d0ssr.apps.googleusercontent.com,327782085729-h2n5snb0i2grgge995mkslhq3tgfd161.apps.googleusercontent.com"
                },
                "runtime": "python310",
                "source": [
                  {
                    "repo_source": [],
                    "storage_source": [
                      {
                        "bucket": "calis-gcf-source",
                        "generation": 0,
                        "object": "calis-gcf-source.zip-657ee2b7499839b250882a4fcdc2ec4a.zip"
                      }
                    ]
                  }
                ],
                "worker_pool": ""
              }
            ],
            "description": "add children for account",
            "environment": "GEN_2",
            "event_trigger": [],
            "id": "projects/calis-top50/locations/asia-southeast2/functions/addChildren",
            "labels": {},
            "location": "asia-southeast2",
            "name": "addChildren",
            "project": "calis-top50",
            "service_config": [
              {
                "all_traffic_on_latest_revision": true,
                "available_cpu": "0.1666",
                "available_memory": "256M",
                "environment_variables": {
                  "GOOGLE_CLIENT_IDS": "327782085729-2ufk2e1fmmr67far9h9kdqlqnp7d0ssr.apps.googleusercontent.com,327782085729-h2n5snb0i2grgge995mkslhq3tgfd161.apps.googleusercontent.com"
                },
                "gcf_uri": "",
                "ingress_settings": "ALLOW_ALL",
                "max_instance_count": 1,
                "max_instance_request_concurrency": 1,
                "min_instance_count": 0,
                "secret_environment_variables": [],
                "secret_volumes": [],
                "service": "projects/calis-top50/locations/asia-southeast2/services/addchildren",
                "service_account_email": "327782085729-compute@developer.gserviceaccount.com",
                "timeout_seconds": 60,
                "uri": "https://addchildren-vws3d6ozda-et.a.run.app",
                "vpc_connector": "",
                "vpc_connector_egress_settings": ""
              }
            ],
            "state": "ACTIVE",
            "timeouts": null,
            "update_time": "2023-06-05T15:01:38.104248270Z"
          },
          "sensitive_attributes": [],
          "private": "eyJlMmJmYjczMC1lY2FhLTExZTYtOGY4OC0zNDM2M2JjN2M0YzAiOnsiY3JlYXRlIjozNjAwMDAwMDAwMDAwLCJkZWxldGUiOjM2MDAwMDAwMDAwMDAsInVwZGF0ZSI6MzYwMDAwMDAwMDAwMH19",
          "dependencies": [
            "data.archive_file.default",
            "google_storage_bucket.default",
            "google_storage_bucket_object.object"
          ]
        }
      ]
    },
    {
      "mode": "managed",
      "type": "google_cloudfunctions2_function",
      "name": "default",
      "provider": "provider[\"registry.terraform.io/hashicorp/google\"]",
      "instances": [
        {
          "schema_version": 0,
          "attributes": {
            "build_config": [
              {
                "build": "projects/327782085729/locations/asia-southeast2/builds/704de690-4a34-4386-9b56-e45b76bb013f",
                "docker_repository": "",
                "entry_point": "whoami",
                "environment_variables": {
                  "GOOGLE_CLIENT_IDS": "327782085729-2ufk2e1fmmr67far9h9kdqlqnp7d0ssr.apps.googleusercontent.com,327782085729-h2n5snb0i2grgge995mkslhq3tgfd161.apps.googleusercontent.com"
                },
                "runtime": "python310",
                "source": [
                  {
                    "repo_source": [],
                    "storage_source": [
                      {
                        "bucket": "calis-gcf-source",
                        "generation": 0,
                        "object": "calis-gcf-source.zip-657ee2b7499839b250882a4fcdc2ec4a.zip"
                      }
                    ]
                  }
                ],
                "worker_pool": ""
              }
            ],
            "description": "auth echo for calis",
            "environment": "GEN_2",
            "event_trigger": [],
            "id": "projects/calis-top50/locations/asia-southeast2/functions/whoami",
            "labels": {},
            "location": "asia-southeast2",
            "name": "whoami",
            "project": "calis-top50",
            "service_config": [
              {
                "all_traffic_on_latest_revision": true,
                "available_cpu": "0.1666",
                "available_memory": "256M",
                "environment_variables": {
                  "GOOGLE_CLIENT_IDS": "327782085729-2ufk2e1fmmr67far9h9kdqlqnp7d0ssr.apps.googleusercontent.com,327782085729-h2n5snb0i2grgge995mkslhq3tgfd161.apps.googleusercontent.com"
                },
                "gcf_uri": "",
                "ingress_settings": "ALLOW_ALL",
                "max_instance_count": 1,
                "max_instance_request_concurrency": 1,
                "min_instance_count": 0,
                "secret_environment_variables": [],
                "secret_volumes": [],
                "service": "projects/calis-top50/locations/asia-southeast2/services/whoami",
                "service_account_email": "327782085729-compute@developer.gserviceaccount.com",
                "timeout_seconds": 60,
                "uri": "https://whoami-vws3d6ozda-et.a.run.app",
                "vpc_connector": "",
                "vpc_connector_egress_settings": ""
              }
            ],
            "state": "ACTIVE",
            "timeouts": null,
            "update_time": "2023-06-05T15:01:38.963594273Z"
          },
          "sensitive_attributes": [],
          "private": "eyJlMmJmYjczMC1lY2FhLTExZTYtOGY4OC0zNDM2M2JjN2M0YzAiOnsiY3JlYXRlIjozNjAwMDAwMDAwMDAwLCJkZWxldGUiOjM2MDAwMDAwMDAwMDAsInVwZGF0ZSI6MzYwMDAwMDAwMDAwMH19",
          "dependencies": [
            "data.archive_file.default",
            "google_storage_bucket.default",
            "google_storage_bucket_object.object"
          ]
        }
      ]
    },
    {
      "mode": "managed",
      "type": "google_cloudfunctions2_function",
      "name": "docs",
      "provider": "provider[\"registry.terraform.io/hashicorp/google\"]",
      "instances": [
        {
          "schema_version": 0,
          "attributes": {
            "build_config": [
              {
                "build": "projects/327782085729/locations/asia-southeast2/builds/e92c7600-e8c3-4182-a306-ba0aec04bc34",
                "docker_repository": "",
                "entry_point": "docs",
                "environment_variables": {
                  "GOOGLE_CLIENT_IDS": "327782085729-2ufk2e1fmmr67far9h9kdqlqnp7d0ssr.apps.googleusercontent.com,327782085729-h2n5snb0i2grgge995mkslhq3tgfd161.apps.googleusercontent.com"
                },
                "runtime": "python310",
                "source": [
                  {
                    "repo_source": [],
                    "storage_source": [
                      {
                        "bucket": "calis-gcf-source",
                        "generation": 0,
                        "object": "calis-gcf-source.zip-657ee2b7499839b250882a4fcdc2ec4a.zip"
                      }
                    ]
                  }
                ],
                "worker_pool": ""
              }
            ],
            "description": "docs",
            "environment": "GEN_2",
            "event_trigger": [],
            "id": "projects/calis-top50/locations/asia-southeast2/functions/docs",
            "labels": {},
            "location": "asia-southeast2",
            "name": "docs",
            "project": "calis-top50",
            "service_config": [
              {
                "all_traffic_on_latest_revision": true,
                "available_cpu": "0.1666",
                "available_memory": "256M",
                "environment_variables": {
                  "GOOGLE_CLIENT_IDS": "327782085729-2ufk2e1fmmr67far9h9kdqlqnp7d0ssr.apps.googleusercontent.com,327782085729-h2n5snb0i2grgge995mkslhq3tgfd161.apps.googleusercontent.com"
                },
                "gcf_uri": "",
                "ingress_settings": "ALLOW_ALL",
                "max_instance_count": 1,
                "max_instance_request_concurrency": 1,
                "min_instance_count": 0,
                "secret_environment_variables": [],
                "secret_volumes": [],
                "service": "projects/calis-top50/locations/asia-southeast2/services/docs",
                "service_account_email": "327782085729-compute@developer.gserviceaccount.com",
                "timeout_seconds": 60,
                "uri": "https://docs-vws3d6ozda-et.a.run.app",
                "vpc_connector": "",
                "vpc_connector_egress_settings": ""
              }
            ],
            "state": "ACTIVE",
            "timeouts": null,
            "update_time": "2023-06-05T15:01:40.081836458Z"
          },
          "sensitive_attributes": [],
          "private": "eyJlMmJmYjczMC1lY2FhLTExZTYtOGY4OC0zNDM2M2JjN2M0YzAiOnsiY3JlYXRlIjozNjAwMDAwMDAwMDAwLCJkZWxldGUiOjM2MDAwMDAwMDAwMDAsInVwZGF0ZSI6MzYwMDAwMDAwMDAwMH19",
          "dependencies": [
            "data.archive_file.default",
            "google_storage_bucket.default",
            "google_storage_bucket_object.object"
          ]
        }
      ]
    },
    {
      "mode": "managed",
      "type": "google_cloudfunctions2_function",
      "name": "getLessonSByType",
      "provider": "provider[\"registry.terraform.io/hashicorp/google\"]",
      "instances": [
        {
          "schema_version": 0,
          "attributes": {
            "build_config": [
              {
                "build": "projects/327782085729/locations/asia-southeast2/builds/baed3f30-ef2a-4301-84c5-300fe0698563",
                "docker_repository": "",
                "entry_point": "getLessonSByType",
                "environment_variables": {
                  "GOOGLE_CLIENT_IDS": "327782085729-2ufk2e1fmmr67far9h9kdqlqnp7d0ssr.apps.googleusercontent.com,327782085729-h2n5snb0i2grgge995mkslhq3tgfd161.apps.googleusercontent.com"
                },
                "runtime": "python310",
                "source": [
                  {
                    "repo_source": [],
                    "storage_source": [
                      {
                        "bucket": "calis-gcf-source",
                        "generation": 0,
                        "object": "calis-gcf-source.zip-657ee2b7499839b250882a4fcdc2ec4a.zip"
                      }
                    ]
                  }
                ],
                "worker_pool": ""
              }
            ],
            "description": "get lesson by type",
            "environment": "GEN_2",
            "event_trigger": [],
            "id": "projects/calis-top50/locations/asia-southeast2/functions/getLessonSByType",
            "labels": {},
            "location": "asia-southeast2",
            "name": "getLessonSByType",
            "project": "calis-top50",
            "service_config": [
              {
                "all_traffic_on_latest_revision": true,
                "available_cpu": "0.1666",
                "available_memory": "256M",
                "environment_variables": {
                  "GOOGLE_CLIENT_IDS": "327782085729-2ufk2e1fmmr67far9h9kdqlqnp7d0ssr.apps.googleusercontent.com,327782085729-h2n5snb0i2grgge995mkslhq3tgfd161.apps.googleusercontent.com"
                },
                "gcf_uri": "",
                "ingress_settings": "ALLOW_ALL",
                "max_instance_count": 1,
                "max_instance_request_concurrency": 1,
                "min_instance_count": 0,
                "secret_environment_variables": [],
                "secret_volumes": [],
                "service": "projects/calis-top50/locations/asia-southeast2/services/getlessonsbytype",
                "service_account_email": "327782085729-compute@developer.gserviceaccount.com",
                "timeout_seconds": 60,
                "uri": "https://getlessonsbytype-vws3d6ozda-et.a.run.app",
                "vpc_connector": "",
                "vpc_connector_egress_settings": ""
              }
            ],
            "state": "ACTIVE",
            "timeouts": null,
            "update_time": "2023-06-05T15:01:38.376582012Z"
          },
          "sensitive_attributes": [],
          "private": "eyJlMmJmYjczMC1lY2FhLTExZTYtOGY4OC0zNDM2M2JjN2M0YzAiOnsiY3JlYXRlIjozNjAwMDAwMDAwMDAwLCJkZWxldGUiOjM2MDAwMDAwMDAwMDAsInVwZGF0ZSI6MzYwMDAwMDAwMDAwMH19",
          "dependencies": [
            "data.archive_file.default",
            "google_storage_bucket.default",
            "google_storage_bucket_object.object"
          ]
        }
      ]
    },
    {
      "mode": "managed",
      "type": "google_cloudfunctions2_function",
      "name": "insertLessons",
      "provider": "provider[\"registry.terraform.io/hashicorp/google\"]",
      "instances": [
        {
          "schema_version": 0,
          "attributes": {
            "build_config": [
              {
                "build": "projects/327782085729/locations/asia-southeast2/builds/c6e6904a-f83c-4cda-901b-b174828f43a9",
                "docker_repository": "",
                "entry_point": "insertLessons",
                "environment_variables": {
                  "GOOGLE_CLIENT_IDS": "327782085729-2ufk2e1fmmr67far9h9kdqlqnp7d0ssr.apps.googleusercontent.com,327782085729-h2n5snb0i2grgge995mkslhq3tgfd161.apps.googleusercontent.com"
                },
                "runtime": "python310",
                "source": [
                  {
                    "repo_source": [],
                    "storage_source": [
                      {
                        "bucket": "calis-gcf-source",
                        "generation": 0,
                        "object": "calis-gcf-source.zip-657ee2b7499839b250882a4fcdc2ec4a.zip"
                      }
                    ]
                  }
                ],
                "worker_pool": ""
              }
            ],
            "description": "insert multiple lessons",
            "environment": "GEN_2",
            "event_trigger": [],
            "id": "projects/calis-top50/locations/asia-southeast2/functions/insertLessons",
            "labels": {},
            "location": "asia-southeast2",
            "name": "insertLessons",
            "project": "calis-top50",
            "service_config": [
              {
                "all_traffic_on_latest_revision": true,
                "available_cpu": "0.1666",
                "available_memory": "256M",
                "environment_variables": {
                  "GOOGLE_CLIENT_IDS": "327782085729-2ufk2e1fmmr67far9h9kdqlqnp7d0ssr.apps.googleusercontent.com,327782085729-h2n5snb0i2grgge995mkslhq3tgfd161.apps.googleusercontent.com"
                },
                "gcf_uri": "",
                "ingress_settings": "ALLOW_ALL",
                "max_instance_count": 1,
                "max_instance_request_concurrency": 1,
                "min_instance_count": 0,
                "secret_environment_variables": [],
                "secret_volumes": [],
                "service": "projects/calis-top50/locations/asia-southeast2/services/insertlessons",
                "service_account_email": "327782085729-compute@developer.gserviceaccount.com",
                "timeout_seconds": 60,
                "uri": "https://insertlessons-vws3d6ozda-et.a.run.app",
                "vpc_connector": "",
                "vpc_connector_egress_settings": ""
              }
            ],
            "state": "ACTIVE",
            "timeouts": null,
            "update_time": "2023-06-05T15:01:40.903622349Z"
          },
          "sensitive_attributes": [],
          "private": "eyJlMmJmYjczMC1lY2FhLTExZTYtOGY4OC0zNDM2M2JjN2M0YzAiOnsiY3JlYXRlIjozNjAwMDAwMDAwMDAwLCJkZWxldGUiOjM2MDAwMDAwMDAwMDAsInVwZGF0ZSI6MzYwMDAwMDAwMDAwMH19",
          "dependencies": [
            "data.archive_file.default",
            "google_storage_bucket.default",
            "google_storage_bucket_object.object"
          ]
        }
      ]
    },
    {
      "mode": "managed",
      "type": "google_cloudfunctions2_function",
      "name": "login",
      "provider": "provider[\"registry.terraform.io/hashicorp/google\"]",
      "instances": [
        {
          "schema_version": 0,
          "attributes": {
            "build_config": [
              {
                "build": "projects/327782085729/locations/asia-southeast2/builds/fd1e245c-23c6-45fe-b1b9-be9b3c626086",
                "docker_repository": "",
                "entry_point": "login",
                "environment_variables": {
                  "GOOGLE_CLIENT_IDS": "327782085729-2ufk2e1fmmr67far9h9kdqlqnp7d0ssr.apps.googleusercontent.com,327782085729-h2n5snb0i2grgge995mkslhq3tgfd161.apps.googleusercontent.com"
                },
                "runtime": "python310",
                "source": [
                  {
                    "repo_source": [],
                    "storage_source": [
                      {
                        "bucket": "calis-gcf-source",
                        "generation": 0,
                        "object": "calis-gcf-source.zip-657ee2b7499839b250882a4fcdc2ec4a.zip"
                      }
                    ]
                  }
                ],
                "worker_pool": ""
              }
            ],
            "description": "login and register for calis",
            "environment": "GEN_2",
            "event_trigger": [],
            "id": "projects/calis-top50/locations/asia-southeast2/functions/login",
            "labels": {},
            "location": "asia-southeast2",
            "name": "login",
            "project": "calis-top50",
            "service_config": [
              {
                "all_traffic_on_latest_revision": true,
                "available_cpu": "0.1666",
                "available_memory": "256M",
                "environment_variables": {
                  "GOOGLE_CLIENT_IDS": "327782085729-2ufk2e1fmmr67far9h9kdqlqnp7d0ssr.apps.googleusercontent.com,327782085729-h2n5snb0i2grgge995mkslhq3tgfd161.apps.googleusercontent.com"
                },
                "gcf_uri": "",
                "ingress_settings": "ALLOW_ALL",
                "max_instance_count": 1,
                "max_instance_request_concurrency": 1,
                "min_instance_count": 0,
                "secret_environment_variables": [],
                "secret_volumes": [],
                "service": "projects/calis-top50/locations/asia-southeast2/services/login",
                "service_account_email": "327782085729-compute@developer.gserviceaccount.com",
                "timeout_seconds": 60,
                "uri": "https://login-vws3d6ozda-et.a.run.app",
                "vpc_connector": "",
                "vpc_connector_egress_settings": ""
              }
            ],
            "state": "ACTIVE",
            "timeouts": null,
            "update_time": "2023-06-05T15:01:33.676263558Z"
          },
          "sensitive_attributes": [],
          "private": "eyJlMmJmYjczMC1lY2FhLTExZTYtOGY4OC0zNDM2M2JjN2M0YzAiOnsiY3JlYXRlIjozNjAwMDAwMDAwMDAwLCJkZWxldGUiOjM2MDAwMDAwMDAwMDAsInVwZGF0ZSI6MzYwMDAwMDAwMDAwMH19",
          "dependencies": [
            "data.archive_file.default",
            "google_storage_bucket.default",
            "google_storage_bucket_object.object"
          ]
        }
      ]
    },
    {
      "mode": "managed",
      "type": "google_cloudfunctions2_function",
      "name": "updateUserLearning",
      "provider": "provider[\"registry.terraform.io/hashicorp/google\"]",
      "instances": [
        {
          "schema_version": 0,
          "attributes": {
            "build_config": [
              {
                "build": "projects/327782085729/locations/asia-southeast2/builds/af757a88-20ec-4d3c-9df2-34786c059a77",
                "docker_repository": "",
                "entry_point": "updateUserLearning",
                "environment_variables": {
                  "GOOGLE_CLIENT_ID": "327782085729-2ufk2e1fmmr67far9h9kdqlqnp7d0ssr.apps.googleusercontent.com,327782085729-h2n5snb0i2grgge995mkslhq3tgfd161.apps.googleusercontent.com"
                },
                "runtime": "python310",
                "source": [
                  {
                    "repo_source": [],
                    "storage_source": [
                      {
                        "bucket": "calis-gcf-source",
                        "generation": 0,
                        "object": "calis-gcf-source.zip-657ee2b7499839b250882a4fcdc2ec4a.zip"
                      }
                    ]
                  }
                ],
                "worker_pool": ""
              }
            ],
            "description": "get lesson progress from Android",
            "environment": "GEN_2",
            "event_trigger": [],
            "id": "projects/calis-top50/locations/asia-southeast2/functions/updateUserLearning",
            "labels": null,
            "location": "asia-southeast2",
            "name": "updateUserLearning",
            "project": "calis-top50",
            "service_config": [
              {
                "all_traffic_on_latest_revision": true,
                "available_cpu": "0.1666",
                "available_memory": "256M",
                "environment_variables": {
                  "GOOGLE_CLIENT_IDS": "327782085729-2ufk2e1fmmr67far9h9kdqlqnp7d0ssr.apps.googleusercontent.com,327782085729-h2n5snb0i2grgge995mkslhq3tgfd161.apps.googleusercontent.com"
                },
                "gcf_uri": "",
                "ingress_settings": "ALLOW_ALL",
                "max_instance_count": 1,
                "max_instance_request_concurrency": 1,
                "min_instance_count": 0,
                "secret_environment_variables": [],
                "secret_volumes": [],
                "service": "projects/calis-top50/locations/asia-southeast2/services/updateuserlearning",
                "service_account_email": "327782085729-compute@developer.gserviceaccount.com",
                "timeout_seconds": 60,
                "uri": "https://updateuserlearning-vws3d6ozda-et.a.run.app",
                "vpc_connector": "",
                "vpc_connector_egress_settings": ""
              }
            ],
            "state": "ACTIVE",
            "timeouts": null,
            "update_time": "2023-06-05T15:01:28.383215719Z"
          },
          "sensitive_attributes": [],
          "private": "eyJlMmJmYjczMC1lY2FhLTExZTYtOGY4OC0zNDM2M2JjN2M0YzAiOnsiY3JlYXRlIjozNjAwMDAwMDAwMDAwLCJkZWxldGUiOjM2MDAwMDAwMDAwMDAsInVwZGF0ZSI6MzYwMDAwMDAwMDAwMH19",
          "dependencies": [
            "data.archive_file.default",
            "google_storage_bucket.default",
            "google_storage_bucket_object.object"
          ]
        }
      ]
    },
    {
      "mode": "managed",
      "type": "google_storage_bucket",
      "name": "default",
      "provider": "provider[\"registry.terraform.io/hashicorp/google\"]",
      "instances": [
        {
          "schema_version": 0,
          "attributes": {
            "autoclass": [],
            "cors": [],
            "custom_placement_config": [],
            "default_event_based_hold": false,
            "encryption": [],
            "force_destroy": false,
            "id": "calis-gcf-source",
            "labels": {},
            "lifecycle_rule": [],
            "location": "ASIA-SOUTHEAST2",
            "logging": [],
            "name": "calis-gcf-source",
            "project": "calis-top50",
            "public_access_prevention": "inherited",
            "requester_pays": false,
            "retention_policy": [],
            "self_link": "https://www.googleapis.com/storage/v1/b/calis-gcf-source",
            "storage_class": "STANDARD",
            "timeouts": null,
            "uniform_bucket_level_access": true,
            "url": "gs://calis-gcf-source",
            "versioning": [],
            "website": []
          },
          "sensitive_attributes": [],
          "private": "eyJlMmJmYjczMC1lY2FhLTExZTYtOGY4OC0zNDM2M2JjN2M0YzAiOnsiY3JlYXRlIjo2MDAwMDAwMDAwMDAsInJlYWQiOjI0MDAwMDAwMDAwMCwidXBkYXRlIjoyNDAwMDAwMDAwMDB9fQ=="
        }
      ]
    },
    {
      "mode": "managed",
      "type": "google_storage_bucket_object",
      "name": "object",
      "provider": "provider[\"registry.terraform.io/hashicorp/google\"]",
      "instances": [
        {
          "schema_version": 0,
          "attributes": {
            "bucket": "calis-gcf-source",
            "cache_control": "",
            "content": null,
            "content_disposition": "",
            "content_encoding": "",
            "content_language": "",
            "content_type": "application/zip",
            "crc32c": "seEEyw==",
            "customer_encryption": [],
            "detect_md5hash": "ZX7it0mYObJQiCpPzcLsSg==",
            "event_based_hold": false,
            "id": "calis-gcf-source-calis-gcf-source.zip-657ee2b7499839b250882a4fcdc2ec4a.zip",
            "kms_key_name": "",
            "md5hash": "ZX7it0mYObJQiCpPzcLsSg==",
            "media_link": "https://storage.googleapis.com/download/storage/v1/b/calis-gcf-source/o/calis-gcf-source.zip-657ee2b7499839b250882a4fcdc2ec4a.zip?generation=1685977226639047\u0026alt=media",
            "metadata": null,
            "name": "calis-gcf-source.zip-657ee2b7499839b250882a4fcdc2ec4a.zip",
            "output_name": "calis-gcf-source.zip-657ee2b7499839b250882a4fcdc2ec4a.zip",
            "self_link": "https://www.googleapis.com/storage/v1/b/calis-gcf-source/o/calis-gcf-source.zip-657ee2b7499839b250882a4fcdc2ec4a.zip",
            "source": "/tmp/calis-gcf-source.zip",
            "storage_class": "STANDARD",
            "temporary_hold": false,
            "timeouts": null
          },
          "sensitive_attributes": [],
          "private": "eyJlMmJmYjczMC1lY2FhLTExZTYtOGY4OC0zNDM2M2JjN2M0YzAiOnsiY3JlYXRlIjoyNDAwMDAwMDAwMDAsImRlbGV0ZSI6MjQwMDAwMDAwMDAwLCJ1cGRhdGUiOjI0MDAwMDAwMDAwMH19",
          "dependencies": [
            "data.archive_file.default",
            "google_storage_bucket.default"
          ]
        }
      ]
    }
  ],
  "check_results": null
}
