{
  "version": 4,
  "terraform_version": "1.4.6",
  "serial": 267,
  "lineage": "6f37f015-861a-d1d4-5255-ceecfa2c0c27",
  "outputs": {
    "addChildren_url": {
      "value": "https://addchildren-vws3d6ozda-et.a.run.app",
      "type": "string"
    },
    "docs_url": {
      "value": "https://docs-vws3d6ozda-et.a.run.app",
      "type": "string"
    },
    "getLessonSByType_url": {
      "value": "https://getlessonsbytype-vws3d6ozda-et.a.run.app",
      "type": "string"
    },
    "insertData_url": {
      "value": "https://updateuserlearning-vws3d6ozda-et.a.run.app",
      "type": "string"
    },
    "insertLearning_url": {
      "value": "https://userreport-vws3d6ozda-et.a.run.app",
      "type": "string"
    },
    "insertLessons_url": {
      "value": "https://insertlessons-vws3d6ozda-et.a.run.app",
      "type": "string"
    },
    "login_url": {
      "value": "https://login-vws3d6ozda-et.a.run.app",
      "type": "string"
    },
    "whoami_url": {
      "value": "https://whoami-vws3d6ozda-et.a.run.app",
      "type": "string"
    }
  },
  "resources": [
    {
      "mode": "data",
      "type": "archive_file",
      "name": "default",
      "provider": "provider[\"registry.terraform.io/hashicorp/archive\"]",
      "instances": [
        {
          "schema_version": 0,
          "attributes": {
            "excludes": [
              ".*",
              ".git",
              ".git.*",
              ".terraform",
              ".terraform.*",
              ".vscode",
              "__pycache__",
              "cred",
              "terraform",
              "terraform.*",
              "venv",
              "venv.*"
            ],
            "id": "44121ca102bad408188519ce9bce4433ae66b9a0",
            "output_base64sha256": "Yn82NaDEHsMQj/9C9fY2Cv90SsN+U7LqMjMob3a7ucA=",
            "output_file_mode": null,
            "output_md5": "633991bc646bb4d5c6110c639c3e54ec",
            "output_path": "/tmp/calis-gcf-source.zip",
            "output_sha": "44121ca102bad408188519ce9bce4433ae66b9a0",
            "output_size": 32620,
            "source": [],
            "source_content": null,
            "source_content_filename": null,
            "source_dir": "..",
            "source_file": null,
            "type": "zip"
          },
          "sensitive_attributes": []
        }
      ]
    },
    {
      "mode": "managed",
      "type": "google_cloudfunctions2_function",
      "name": "addChildren",
      "provider": "provider[\"registry.terraform.io/hashicorp/google\"]",
      "instances": [
        {
          "schema_version": 0,
          "attributes": {
            "build_config": [
              {
                "build": "projects/327782085729/locations/asia-southeast2/builds/d5da78c3-03b6-4314-99ac-a6468c4fec7b",
                "docker_repository": "",
                "entry_point": "addChildren",
                "environment_variables": {
                  "GOOGLE_CLIENT_IDS": "327782085729-2ufk2e1fmmr67far9h9kdqlqnp7d0ssr.apps.googleusercontent.com,327782085729-h2n5snb0i2grgge995mkslhq3tgfd161.apps.googleusercontent.com,327782085729-964h8eq6s1ta2on9dag8r2g80l6kqoiq.apps.googleusercontent.com"
                },
                "runtime": "python310",
                "source": [
                  {
                    "repo_source": [],
                    "storage_source": [
                      {
                        "bucket": "calis-gcf-source",
                        "generation": 0,
                        "object": "calis-gcf-source.zip-633991bc646bb4d5c6110c639c3e54ec.zip"
                      }
                    ]
                  }
                ],
                "worker_pool": ""
              }
            ],
            "description": "add children for account",
            "environment": "GEN_2",
            "event_trigger": [],
            "id": "projects/calis-top50/locations/asia-southeast2/functions/addChildren",
            "labels": {},
            "location": "asia-southeast2",
            "name": "addChildren",
            "project": "calis-top50",
            "service_config": [
              {
                "all_traffic_on_latest_revision": true,
                "available_cpu": "0.1666",
                "available_memory": "256M",
                "environment_variables": {
                  "GOOGLE_CLIENT_IDS": "327782085729-2ufk2e1fmmr67far9h9kdqlqnp7d0ssr.apps.googleusercontent.com,327782085729-h2n5snb0i2grgge995mkslhq3tgfd161.apps.googleusercontent.com,327782085729-964h8eq6s1ta2on9dag8r2g80l6kqoiq.apps.googleusercontent.com"
                },
                "gcf_uri": "",
                "ingress_settings": "ALLOW_ALL",
                "max_instance_count": 1,
                "max_instance_request_concurrency": 1,
                "min_instance_count": 0,
                "secret_environment_variables": [],
                "secret_volumes": [],
                "service": "projects/calis-top50/locations/asia-southeast2/services/addchildren",
                "service_account_email": "327782085729-compute@developer.gserviceaccount.com",
                "timeout_seconds": 60,
                "uri": "https://addchildren-vws3d6ozda-et.a.run.app",
                "vpc_connector": "",
                "vpc_connector_egress_settings": ""
              }
            ],
            "state": "ACTIVE",
            "timeouts": null,
            "update_time": "2023-06-10T13:45:51.888355856Z"
          },
          "sensitive_attributes": [],
          "private": "eyJlMmJmYjczMC1lY2FhLTExZTYtOGY4OC0zNDM2M2JjN2M0YzAiOnsiY3JlYXRlIjozNjAwMDAwMDAwMDAwLCJkZWxldGUiOjM2MDAwMDAwMDAwMDAsInVwZGF0ZSI6MzYwMDAwMDAwMDAwMH19",
          "dependencies": [
            "data.archive_file.default",
            "google_storage_bucket.default",
            "google_storage_bucket_object.object"
          ]
        }
      ]
    },
    {
      "mode": "managed",
      "type": "google_cloudfunctions2_function",
      "name": "default",
      "provider": "provider[\"registry.terraform.io/hashicorp/google\"]",
      "instances": [
        {
          "schema_version": 0,
          "attributes": {
            "build_config": [
              {
                "build": "projects/327782085729/locations/asia-southeast2/builds/98ec8259-579b-4685-8bcc-d91cc1100b6c",
                "docker_repository": "",
                "entry_point": "whoami",
                "environment_variables": {
                  "GOOGLE_CLIENT_IDS": "327782085729-2ufk2e1fmmr67far9h9kdqlqnp7d0ssr.apps.googleusercontent.com,327782085729-h2n5snb0i2grgge995mkslhq3tgfd161.apps.googleusercontent.com,327782085729-964h8eq6s1ta2on9dag8r2g80l6kqoiq.apps.googleusercontent.com"
                },
                "runtime": "python310",
                "source": [
                  {
                    "repo_source": [],
                    "storage_source": [
                      {
                        "bucket": "calis-gcf-source",
                        "generation": 0,
                        "object": "calis-gcf-source.zip-633991bc646bb4d5c6110c639c3e54ec.zip"
                      }
                    ]
                  }
                ],
                "worker_pool": ""
              }
            ],
            "description": "auth echo for calis",
            "environment": "GEN_2",
            "event_trigger": [],
            "id": "projects/calis-top50/locations/asia-southeast2/functions/whoami",
            "labels": {},
            "location": "asia-southeast2",
            "name": "whoami",
            "project": "calis-top50",
            "service_config": [
              {
                "all_traffic_on_latest_revision": true,
                "available_cpu": "0.1666",
                "available_memory": "256M",
                "environment_variables": {
                  "GOOGLE_CLIENT_IDS": "327782085729-2ufk2e1fmmr67far9h9kdqlqnp7d0ssr.apps.googleusercontent.com,327782085729-h2n5snb0i2grgge995mkslhq3tgfd161.apps.googleusercontent.com,327782085729-964h8eq6s1ta2on9dag8r2g80l6kqoiq.apps.googleusercontent.com"
                },
                "gcf_uri": "",
                "ingress_settings": "ALLOW_ALL",
                "max_instance_count": 1,
                "max_instance_request_concurrency": 1,
                "min_instance_count": 0,
                "secret_environment_variables": [],
                "secret_volumes": [],
                "service": "projects/calis-top50/locations/asia-southeast2/services/whoami",
                "service_account_email": "327782085729-compute@developer.gserviceaccount.com",
                "timeout_seconds": 60,
                "uri": "https://whoami-vws3d6ozda-et.a.run.app",
                "vpc_connector": "",
                "vpc_connector_egress_settings": ""
              }
            ],
            "state": "ACTIVE",
            "timeouts": null,
            "update_time": "2023-06-10T13:45:56.071890123Z"
          },
          "sensitive_attributes": [],
          "private": "eyJlMmJmYjczMC1lY2FhLTExZTYtOGY4OC0zNDM2M2JjN2M0YzAiOnsiY3JlYXRlIjozNjAwMDAwMDAwMDAwLCJkZWxldGUiOjM2MDAwMDAwMDAwMDAsInVwZGF0ZSI6MzYwMDAwMDAwMDAwMH19",
          "dependencies": [
            "data.archive_file.default",
            "google_storage_bucket.default",
            "google_storage_bucket_object.object"
          ]
        }
      ]
    },
    {
      "mode": "managed",
      "type": "google_cloudfunctions2_function",
      "name": "deleteChild",
      "provider": "provider[\"registry.terraform.io/hashicorp/google\"]",
      "instances": [
        {
          "schema_version": 0,
          "attributes": {
            "build_config": [
              {
                "build": "projects/327782085729/locations/asia-southeast2/builds/7f067873-8953-4582-b885-b51c2418b7c4",
                "docker_repository": "",
                "entry_point": "deleteChild",
                "environment_variables": {
                  "GOOGLE_CLIENT_ID": "327782085729-2ufk2e1fmmr67far9h9kdqlqnp7d0ssr.apps.googleusercontent.com,327782085729-h2n5snb0i2grgge995mkslhq3tgfd161.apps.googleusercontent.com,327782085729-964h8eq6s1ta2on9dag8r2g80l6kqoiq.apps.googleusercontent.com"
                },
                "runtime": "python310",
                "source": [
                  {
                    "repo_source": [],
                    "storage_source": [
                      {
                        "bucket": "calis-gcf-source",
                        "generation": 0,
                        "object": "calis-gcf-source.zip-633991bc646bb4d5c6110c639c3e54ec.zip"
                      }
                    ]
                  }
                ],
                "worker_pool": ""
              }
            ],
            "description": "for report learning",
            "environment": "GEN_2",
            "event_trigger": [],
            "id": "projects/calis-top50/locations/asia-southeast2/functions/deleteChild",
            "labels": {},
            "location": "asia-southeast2",
            "name": "deleteChild",
            "project": "calis-top50",
            "service_config": [
              {
                "all_traffic_on_latest_revision": true,
                "available_cpu": "0.1666",
                "available_memory": "256M",
                "environment_variables": {
                  "GOOGLE_CLIENT_IDS": "327782085729-2ufk2e1fmmr67far9h9kdqlqnp7d0ssr.apps.googleusercontent.com,327782085729-h2n5snb0i2grgge995mkslhq3tgfd161.apps.googleusercontent.com,327782085729-964h8eq6s1ta2on9dag8r2g80l6kqoiq.apps.googleusercontent.com"
                },
                "gcf_uri": "",
                "ingress_settings": "ALLOW_ALL",
                "max_instance_count": 1,
                "max_instance_request_concurrency": 1,
                "min_instance_count": 0,
                "secret_environment_variables": [],
                "secret_volumes": [],
                "service": "projects/calis-top50/locations/asia-southeast2/services/deletechild",
                "service_account_email": "327782085729-compute@developer.gserviceaccount.com",
                "timeout_seconds": 60,
                "uri": "https://deletechild-vws3d6ozda-et.a.run.app",
                "vpc_connector": "",
                "vpc_connector_egress_settings": ""
              }
            ],
            "state": "ACTIVE",
            "timeouts": null,
            "update_time": "2023-06-10T13:45:54.044690504Z"
          },
          "sensitive_attributes": [],
          "private": "eyJlMmJmYjczMC1lY2FhLTExZTYtOGY4OC0zNDM2M2JjN2M0YzAiOnsiY3JlYXRlIjozNjAwMDAwMDAwMDAwLCJkZWxldGUiOjM2MDAwMDAwMDAwMDAsInVwZGF0ZSI6MzYwMDAwMDAwMDAwMH19",
          "dependencies": [
            "data.archive_file.default",
            "google_storage_bucket.default",
            "google_storage_bucket_object.object"
          ]
        }
      ]
    },
    {
      "mode": "managed",
      "type": "google_cloudfunctions2_function",
      "name": "docs",
      "provider": "provider[\"registry.terraform.io/hashicorp/google\"]",
      "instances": [
        {
          "schema_version": 0,
          "attributes": {
            "build_config": [
              {
                "build": "projects/327782085729/locations/asia-southeast2/builds/9cdd0ae2-dbf0-40b4-a1d2-48b8230d08b3",
                "docker_repository": "",
                "entry_point": "docs",
                "environment_variables": {
                  "GOOGLE_CLIENT_IDS": "327782085729-2ufk2e1fmmr67far9h9kdqlqnp7d0ssr.apps.googleusercontent.com,327782085729-h2n5snb0i2grgge995mkslhq3tgfd161.apps.googleusercontent.com,327782085729-964h8eq6s1ta2on9dag8r2g80l6kqoiq.apps.googleusercontent.com"
                },
                "runtime": "python310",
                "source": [
                  {
                    "repo_source": [],
                    "storage_source": [
                      {
                        "bucket": "calis-gcf-source",
                        "generation": 0,
                        "object": "calis-gcf-source.zip-633991bc646bb4d5c6110c639c3e54ec.zip"
                      }
                    ]
                  }
                ],
                "worker_pool": ""
              }
            ],
            "description": "docs",
            "environment": "GEN_2",
            "event_trigger": [],
            "id": "projects/calis-top50/locations/asia-southeast2/functions/docs",
            "labels": {},
            "location": "asia-southeast2",
            "name": "docs",
            "project": "calis-top50",
            "service_config": [
              {
                "all_traffic_on_latest_revision": true,
                "available_cpu": "0.1666",
                "available_memory": "256M",
                "environment_variables": {
                  "GOOGLE_CLIENT_IDS": "327782085729-2ufk2e1fmmr67far9h9kdqlqnp7d0ssr.apps.googleusercontent.com,327782085729-h2n5snb0i2grgge995mkslhq3tgfd161.apps.googleusercontent.com,327782085729-964h8eq6s1ta2on9dag8r2g80l6kqoiq.apps.googleusercontent.com"
                },
                "gcf_uri": "",
                "ingress_settings": "ALLOW_ALL",
                "max_instance_count": 1,
                "max_instance_request_concurrency": 1,
                "min_instance_count": 0,
                "secret_environment_variables": [],
                "secret_volumes": [],
                "service": "projects/calis-top50/locations/asia-southeast2/services/docs",
                "service_account_email": "327782085729-compute@developer.gserviceaccount.com",
                "timeout_seconds": 60,
                "uri": "https://docs-vws3d6ozda-et.a.run.app",
                "vpc_connector": "",
                "vpc_connector_egress_settings": ""
              }
            ],
            "state": "ACTIVE",
            "timeouts": null,
            "update_time": "2023-06-10T13:46:55.892071902Z"
          },
          "sensitive_attributes": [],
          "private": "eyJlMmJmYjczMC1lY2FhLTExZTYtOGY4OC0zNDM2M2JjN2M0YzAiOnsiY3JlYXRlIjozNjAwMDAwMDAwMDAwLCJkZWxldGUiOjM2MDAwMDAwMDAwMDAsInVwZGF0ZSI6MzYwMDAwMDAwMDAwMH19",
          "dependencies": [
            "data.archive_file.default",
            "google_storage_bucket.default",
            "google_storage_bucket_object.object"
          ]
        }
      ]
    },
    {
      "mode": "managed",
      "type": "google_cloudfunctions2_function",
      "name": "getLesson",
      "provider": "provider[\"registry.terraform.io/hashicorp/google\"]",
      "instances": [
        {
          "schema_version": 0,
          "attributes": {
            "build_config": [
              {
                "build": "projects/327782085729/locations/asia-southeast2/builds/fb67d3fe-1f28-4017-81fe-5383654ebce2",
                "docker_repository": "",
                "entry_point": "lesson",
                "environment_variables": {
                  "GOOGLE_CLIENT_ID": "327782085729-2ufk2e1fmmr67far9h9kdqlqnp7d0ssr.apps.googleusercontent.com,327782085729-h2n5snb0i2grgge995mkslhq3tgfd161.apps.googleusercontent.com,327782085729-964h8eq6s1ta2on9dag8r2g80l6kqoiq.apps.googleusercontent.com"
                },
                "runtime": "python310",
                "source": [
                  {
                    "repo_source": [],
                    "storage_source": [
                      {
                        "bucket": "calis-gcf-source",
                        "generation": 0,
                        "object": "calis-gcf-source.zip-633991bc646bb4d5c6110c639c3e54ec.zip"
                      }
                    ]
                  }
                ],
                "worker_pool": ""
              }
            ],
            "description": "for report learning",
            "environment": "GEN_2",
            "event_trigger": [],
            "id": "projects/calis-top50/locations/asia-southeast2/functions/getLesson",
            "labels": null,
            "location": "asia-southeast2",
            "name": "getLesson",
            "project": "calis-top50",
            "service_config": [
              {
                "all_traffic_on_latest_revision": true,
                "available_cpu": "0.1666",
                "available_memory": "256M",
                "environment_variables": {
                  "GOOGLE_CLIENT_IDS": "327782085729-2ufk2e1fmmr67far9h9kdqlqnp7d0ssr.apps.googleusercontent.com,327782085729-h2n5snb0i2grgge995mkslhq3tgfd161.apps.googleusercontent.com,327782085729-964h8eq6s1ta2on9dag8r2g80l6kqoiq.apps.googleusercontent.com"
                },
                "gcf_uri": "",
                "ingress_settings": "ALLOW_ALL",
                "max_instance_count": 1,
                "max_instance_request_concurrency": 1,
                "min_instance_count": 0,
                "secret_environment_variables": [],
                "secret_volumes": [],
                "service": "projects/calis-top50/locations/asia-southeast2/services/getlesson",
                "service_account_email": "327782085729-compute@developer.gserviceaccount.com",
                "timeout_seconds": 60,
                "uri": "https://getlesson-vws3d6ozda-et.a.run.app",
                "vpc_connector": "",
                "vpc_connector_egress_settings": ""
              }
            ],
            "state": "ACTIVE",
            "timeouts": null,
            "update_time": "2023-06-10T13:45:52.665874841Z"
          },
          "sensitive_attributes": [],
          "private": "eyJlMmJmYjczMC1lY2FhLTExZTYtOGY4OC0zNDM2M2JjN2M0YzAiOnsiY3JlYXRlIjozNjAwMDAwMDAwMDAwLCJkZWxldGUiOjM2MDAwMDAwMDAwMDAsInVwZGF0ZSI6MzYwMDAwMDAwMDAwMH19",
          "dependencies": [
            "data.archive_file.default",
            "google_storage_bucket.default",
            "google_storage_bucket_object.object"
          ]
        }
      ]
    },
    {
      "mode": "managed",
      "type": "google_cloudfunctions2_function",
      "name": "getLessonSByType",
      "provider": "provider[\"registry.terraform.io/hashicorp/google\"]",
      "instances": [
        {
          "schema_version": 0,
          "attributes": {
            "build_config": [
              {
                "build": "projects/327782085729/locations/asia-southeast2/builds/5a567a29-c39c-407b-bc23-bedebb774025",
                "docker_repository": "",
                "entry_point": "getLessonSByType",
                "environment_variables": {
                  "GOOGLE_CLIENT_IDS": "327782085729-2ufk2e1fmmr67far9h9kdqlqnp7d0ssr.apps.googleusercontent.com,327782085729-h2n5snb0i2grgge995mkslhq3tgfd161.apps.googleusercontent.com,327782085729-964h8eq6s1ta2on9dag8r2g80l6kqoiq.apps.googleusercontent.com"
                },
                "runtime": "python310",
                "source": [
                  {
                    "repo_source": [],
                    "storage_source": [
                      {
                        "bucket": "calis-gcf-source",
                        "generation": 0,
                        "object": "calis-gcf-source.zip-633991bc646bb4d5c6110c639c3e54ec.zip"
                      }
                    ]
                  }
                ],
                "worker_pool": ""
              }
            ],
            "description": "get lesson by type",
            "environment": "GEN_2",
            "event_trigger": [],
            "id": "projects/calis-top50/locations/asia-southeast2/functions/getLessonSByType",
            "labels": {},
            "location": "asia-southeast2",
            "name": "getLessonSByType",
            "project": "calis-top50",
            "service_config": [
              {
                "all_traffic_on_latest_revision": true,
                "available_cpu": "0.1666",
                "available_memory": "256M",
                "environment_variables": {
                  "GOOGLE_CLIENT_IDS": "327782085729-2ufk2e1fmmr67far9h9kdqlqnp7d0ssr.apps.googleusercontent.com,327782085729-h2n5snb0i2grgge995mkslhq3tgfd161.apps.googleusercontent.com,327782085729-964h8eq6s1ta2on9dag8r2g80l6kqoiq.apps.googleusercontent.com"
                },
                "gcf_uri": "",
                "ingress_settings": "ALLOW_ALL",
                "max_instance_count": 1,
                "max_instance_request_concurrency": 1,
                "min_instance_count": 0,
                "secret_environment_variables": [],
                "secret_volumes": [],
                "service": "projects/calis-top50/locations/asia-southeast2/services/getlessonsbytype",
                "service_account_email": "327782085729-compute@developer.gserviceaccount.com",
                "timeout_seconds": 60,
                "uri": "https://getlessonsbytype-vws3d6ozda-et.a.run.app",
                "vpc_connector": "",
                "vpc_connector_egress_settings": ""
              }
            ],
            "state": "ACTIVE",
            "timeouts": null,
            "update_time": "2023-06-10T13:45:54.681445765Z"
          },
          "sensitive_attributes": [],
          "private": "eyJlMmJmYjczMC1lY2FhLTExZTYtOGY4OC0zNDM2M2JjN2M0YzAiOnsiY3JlYXRlIjozNjAwMDAwMDAwMDAwLCJkZWxldGUiOjM2MDAwMDAwMDAwMDAsInVwZGF0ZSI6MzYwMDAwMDAwMDAwMH19",
          "dependencies": [
            "data.archive_file.default",
            "google_storage_bucket.default",
            "google_storage_bucket_object.object"
          ]
        }
      ]
    },
    {
      "mode": "managed",
      "type": "google_cloudfunctions2_function",
      "name": "getQuestion",
      "provider": "provider[\"registry.terraform.io/hashicorp/google\"]",
      "instances": [
        {
          "schema_version": 0,
          "attributes": {
            "build_config": [
              {
                "build": "projects/327782085729/locations/asia-southeast2/builds/9ec6e2ef-0707-4b6b-becd-0be9cdc2c752",
                "docker_repository": "",
                "entry_point": "question",
                "environment_variables": {
                  "GOOGLE_CLIENT_ID": "327782085729-2ufk2e1fmmr67far9h9kdqlqnp7d0ssr.apps.googleusercontent.com,327782085729-h2n5snb0i2grgge995mkslhq3tgfd161.apps.googleusercontent.com,327782085729-964h8eq6s1ta2on9dag8r2g80l6kqoiq.apps.googleusercontent.com"
                },
                "runtime": "python310",
                "source": [
                  {
                    "repo_source": [],
                    "storage_source": [
                      {
                        "bucket": "calis-gcf-source",
                        "generation": 0,
                        "object": "calis-gcf-source.zip-633991bc646bb4d5c6110c639c3e54ec.zip"
                      }
                    ]
                  }
                ],
                "worker_pool": ""
              }
            ],
            "description": "for report learning",
            "environment": "GEN_2",
            "event_trigger": [],
            "id": "projects/calis-top50/locations/asia-southeast2/functions/getQuestion",
            "labels": null,
            "location": "asia-southeast2",
            "name": "getQuestion",
            "project": "calis-top50",
            "service_config": [
              {
                "all_traffic_on_latest_revision": true,
                "available_cpu": "0.1666",
                "available_memory": "256M",
                "environment_variables": {
                  "GOOGLE_CLIENT_IDS": "327782085729-2ufk2e1fmmr67far9h9kdqlqnp7d0ssr.apps.googleusercontent.com,327782085729-h2n5snb0i2grgge995mkslhq3tgfd161.apps.googleusercontent.com,327782085729-964h8eq6s1ta2on9dag8r2g80l6kqoiq.apps.googleusercontent.com"
                },
                "gcf_uri": "",
                "ingress_settings": "ALLOW_ALL",
                "max_instance_count": 1,
                "max_instance_request_concurrency": 1,
                "min_instance_count": 0,
                "secret_environment_variables": [],
                "secret_volumes": [],
                "service": "projects/calis-top50/locations/asia-southeast2/services/getquestion",
                "service_account_email": "327782085729-compute@developer.gserviceaccount.com",
                "timeout_seconds": 60,
                "uri": "https://getquestion-vws3d6ozda-et.a.run.app",
                "vpc_connector": "",
                "vpc_connector_egress_settings": ""
              }
            ],
            "state": "ACTIVE",
            "timeouts": null,
            "update_time": "2023-06-10T13:45:53.738221655Z"
          },
          "sensitive_attributes": [],
          "private": "eyJlMmJmYjczMC1lY2FhLTExZTYtOGY4OC0zNDM2M2JjN2M0YzAiOnsiY3JlYXRlIjozNjAwMDAwMDAwMDAwLCJkZWxldGUiOjM2MDAwMDAwMDAwMDAsInVwZGF0ZSI6MzYwMDAwMDAwMDAwMH19",
          "dependencies": [
            "data.archive_file.default",
            "google_storage_bucket.default",
            "google_storage_bucket_object.object"
          ]
        }
      ]
    },
    {
      "mode": "managed",
      "type": "google_cloudfunctions2_function",
      "name": "insertLessons",
      "provider": "provider[\"registry.terraform.io/hashicorp/google\"]",
      "instances": [
        {
          "schema_version": 0,
          "attributes": {
            "build_config": [
              {
                "build": "projects/327782085729/locations/asia-southeast2/builds/7f72d5a1-08b4-4ac9-8dee-4ea204f6292c",
                "docker_repository": "",
                "entry_point": "insertLessons",
                "environment_variables": {
                  "GOOGLE_CLIENT_IDS": "327782085729-2ufk2e1fmmr67far9h9kdqlqnp7d0ssr.apps.googleusercontent.com,327782085729-h2n5snb0i2grgge995mkslhq3tgfd161.apps.googleusercontent.com,327782085729-964h8eq6s1ta2on9dag8r2g80l6kqoiq.apps.googleusercontent.com"
                },
                "runtime": "python310",
                "source": [
                  {
                    "repo_source": [],
                    "storage_source": [
                      {
                        "bucket": "calis-gcf-source",
                        "generation": 0,
                        "object": "calis-gcf-source.zip-633991bc646bb4d5c6110c639c3e54ec.zip"
                      }
                    ]
                  }
                ],
                "worker_pool": ""
              }
            ],
            "description": "insert multiple lessons",
            "environment": "GEN_2",
            "event_trigger": [],
            "id": "projects/calis-top50/locations/asia-southeast2/functions/insertLessons",
            "labels": {},
            "location": "asia-southeast2",
            "name": "insertLessons",
            "project": "calis-top50",
            "service_config": [
              {
                "all_traffic_on_latest_revision": true,
                "available_cpu": "0.1666",
                "available_memory": "256M",
                "environment_variables": {
                  "GOOGLE_CLIENT_IDS": "327782085729-2ufk2e1fmmr67far9h9kdqlqnp7d0ssr.apps.googleusercontent.com,327782085729-h2n5snb0i2grgge995mkslhq3tgfd161.apps.googleusercontent.com,327782085729-964h8eq6s1ta2on9dag8r2g80l6kqoiq.apps.googleusercontent.com"
                },
                "gcf_uri": "",
                "ingress_settings": "ALLOW_ALL",
                "max_instance_count": 1,
                "max_instance_request_concurrency": 1,
                "min_instance_count": 0,
                "secret_environment_variables": [],
                "secret_volumes": [],
                "service": "projects/calis-top50/locations/asia-southeast2/services/insertlessons",
                "service_account_email": "327782085729-compute@developer.gserviceaccount.com",
                "timeout_seconds": 60,
                "uri": "https://insertlessons-vws3d6ozda-et.a.run.app",
                "vpc_connector": "",
                "vpc_connector_egress_settings": ""
              }
            ],
            "state": "ACTIVE",
            "timeouts": null,
            "update_time": "2023-06-10T13:46:50.343674071Z"
          },
          "sensitive_attributes": [],
          "private": "eyJlMmJmYjczMC1lY2FhLTExZTYtOGY4OC0zNDM2M2JjN2M0YzAiOnsiY3JlYXRlIjozNjAwMDAwMDAwMDAwLCJkZWxldGUiOjM2MDAwMDAwMDAwMDAsInVwZGF0ZSI6MzYwMDAwMDAwMDAwMH19",
          "dependencies": [
            "data.archive_file.default",
            "google_storage_bucket.default",
            "google_storage_bucket_object.object"
          ]
        }
      ]
    },
    {
      "mode": "managed",
      "type": "google_cloudfunctions2_function",
      "name": "login",
      "provider": "provider[\"registry.terraform.io/hashicorp/google\"]",
      "instances": [
        {
          "schema_version": 0,
          "attributes": {
            "build_config": [
              {
                "build": "projects/327782085729/locations/asia-southeast2/builds/e54e1480-1719-46d1-a100-8591cb74615c",
                "docker_repository": "",
                "entry_point": "login",
                "environment_variables": {
                  "GOOGLE_CLIENT_IDS": "327782085729-2ufk2e1fmmr67far9h9kdqlqnp7d0ssr.apps.googleusercontent.com,327782085729-h2n5snb0i2grgge995mkslhq3tgfd161.apps.googleusercontent.com,327782085729-964h8eq6s1ta2on9dag8r2g80l6kqoiq.apps.googleusercontent.com"
                },
                "runtime": "python310",
                "source": [
                  {
                    "repo_source": [],
                    "storage_source": [
                      {
                        "bucket": "calis-gcf-source",
                        "generation": 0,
                        "object": "calis-gcf-source.zip-633991bc646bb4d5c6110c639c3e54ec.zip"
                      }
                    ]
                  }
                ],
                "worker_pool": ""
              }
            ],
            "description": "login and register for calis",
            "environment": "GEN_2",
            "event_trigger": [],
            "id": "projects/calis-top50/locations/asia-southeast2/functions/login",
            "labels": {},
            "location": "asia-southeast2",
            "name": "login",
            "project": "calis-top50",
            "service_config": [
              {
                "all_traffic_on_latest_revision": true,
                "available_cpu": "0.1666",
                "available_memory": "256M",
                "environment_variables": {
                  "GOOGLE_CLIENT_IDS": "327782085729-2ufk2e1fmmr67far9h9kdqlqnp7d0ssr.apps.googleusercontent.com,327782085729-h2n5snb0i2grgge995mkslhq3tgfd161.apps.googleusercontent.com,327782085729-964h8eq6s1ta2on9dag8r2g80l6kqoiq.apps.googleusercontent.com"
                },
                "gcf_uri": "",
                "ingress_settings": "ALLOW_ALL",
                "max_instance_count": 1,
                "max_instance_request_concurrency": 1,
                "min_instance_count": 0,
                "secret_environment_variables": [],
                "secret_volumes": [],
                "service": "projects/calis-top50/locations/asia-southeast2/services/login",
                "service_account_email": "327782085729-compute@developer.gserviceaccount.com",
                "timeout_seconds": 60,
                "uri": "https://login-vws3d6ozda-et.a.run.app",
                "vpc_connector": "",
                "vpc_connector_egress_settings": ""
              }
            ],
            "state": "ACTIVE",
            "timeouts": null,
            "update_time": "2023-06-10T13:45:56.111612748Z"
          },
          "sensitive_attributes": [],
          "private": "eyJlMmJmYjczMC1lY2FhLTExZTYtOGY4OC0zNDM2M2JjN2M0YzAiOnsiY3JlYXRlIjozNjAwMDAwMDAwMDAwLCJkZWxldGUiOjM2MDAwMDAwMDAwMDAsInVwZGF0ZSI6MzYwMDAwMDAwMDAwMH19",
          "dependencies": [
            "data.archive_file.default",
            "google_storage_bucket.default",
            "google_storage_bucket_object.object"
          ]
        }
      ]
    },
    {
      "mode": "managed",
      "type": "google_cloudfunctions2_function",
      "name": "personalLesson",
      "provider": "provider[\"registry.terraform.io/hashicorp/google\"]",
      "instances": [
        {
          "schema_version": 0,
          "attributes": {
            "build_config": [
              {
                "build": "projects/327782085729/locations/asia-southeast2/builds/d167195b-f2a3-4dfd-a4c9-ae457720db9b",
                "docker_repository": "",
                "entry_point": "personalLesson",
                "environment_variables": {
                  "GOOGLE_CLIENT_ID": "327782085729-2ufk2e1fmmr67far9h9kdqlqnp7d0ssr.apps.googleusercontent.com,327782085729-h2n5snb0i2grgge995mkslhq3tgfd161.apps.googleusercontent.com,327782085729-964h8eq6s1ta2on9dag8r2g80l6kqoiq.apps.googleusercontent.com"
                },
                "runtime": "python310",
                "source": [
                  {
                    "repo_source": [],
                    "storage_source": [
                      {
                        "bucket": "calis-gcf-source",
                        "generation": 0,
                        "object": "calis-gcf-source.zip-633991bc646bb4d5c6110c639c3e54ec.zip"
                      }
                    ]
                  }
                ],
                "worker_pool": ""
              }
            ],
            "description": "for report learning",
            "environment": "GEN_2",
            "event_trigger": [],
            "id": "projects/calis-top50/locations/asia-southeast2/functions/personalLesson",
            "labels": {},
            "location": "asia-southeast2",
            "name": "personalLesson",
            "project": "calis-top50",
            "service_config": [
              {
                "all_traffic_on_latest_revision": true,
                "available_cpu": "0.1666",
                "available_memory": "256M",
                "environment_variables": {
                  "GOOGLE_CLIENT_IDS": "327782085729-2ufk2e1fmmr67far9h9kdqlqnp7d0ssr.apps.googleusercontent.com,327782085729-h2n5snb0i2grgge995mkslhq3tgfd161.apps.googleusercontent.com,327782085729-964h8eq6s1ta2on9dag8r2g80l6kqoiq.apps.googleusercontent.com"
                },
                "gcf_uri": "",
                "ingress_settings": "ALLOW_ALL",
                "max_instance_count": 1,
                "max_instance_request_concurrency": 1,
                "min_instance_count": 0,
                "secret_environment_variables": [],
                "secret_volumes": [],
                "service": "projects/calis-top50/locations/asia-southeast2/services/personallesson",
                "service_account_email": "327782085729-compute@developer.gserviceaccount.com",
                "timeout_seconds": 60,
                "uri": "https://personallesson-vws3d6ozda-et.a.run.app",
                "vpc_connector": "",
                "vpc_connector_egress_settings": ""
              }
            ],
            "state": "ACTIVE",
            "timeouts": null,
            "update_time": "2023-06-10T13:45:49.585385690Z"
          },
          "sensitive_attributes": [],
          "private": "eyJlMmJmYjczMC1lY2FhLTExZTYtOGY4OC0zNDM2M2JjN2M0YzAiOnsiY3JlYXRlIjozNjAwMDAwMDAwMDAwLCJkZWxldGUiOjM2MDAwMDAwMDAwMDAsInVwZGF0ZSI6MzYwMDAwMDAwMDAwMH19",
          "dependencies": [
            "data.archive_file.default",
            "google_storage_bucket.default",
            "google_storage_bucket_object.object"
          ]
        }
      ]
    },
    {
      "mode": "managed",
      "type": "google_cloudfunctions2_function",
      "name": "updateChild",
      "provider": "provider[\"registry.terraform.io/hashicorp/google\"]",
      "instances": [
        {
          "schema_version": 0,
          "attributes": {
            "build_config": [
              {
                "build": "projects/327782085729/locations/asia-southeast2/builds/ad29de78-cab2-4ffc-8e62-55f76036ac23",
                "docker_repository": "",
                "entry_point": "updateChild",
                "environment_variables": {
                  "GOOGLE_CLIENT_ID": "327782085729-2ufk2e1fmmr67far9h9kdqlqnp7d0ssr.apps.googleusercontent.com,327782085729-h2n5snb0i2grgge995mkslhq3tgfd161.apps.googleusercontent.com,327782085729-964h8eq6s1ta2on9dag8r2g80l6kqoiq.apps.googleusercontent.com"
                },
                "runtime": "python310",
                "source": [
                  {
                    "repo_source": [],
                    "storage_source": [
                      {
                        "bucket": "calis-gcf-source",
                        "generation": 0,
                        "object": "calis-gcf-source.zip-633991bc646bb4d5c6110c639c3e54ec.zip"
                      }
                    ]
                  }
                ],
                "worker_pool": ""
              }
            ],
            "description": "for report learning",
            "environment": "GEN_2",
            "event_trigger": [],
            "id": "projects/calis-top50/locations/asia-southeast2/functions/updateChild",
            "labels": {},
            "location": "asia-southeast2",
            "name": "updateChild",
            "project": "calis-top50",
            "service_config": [
              {
                "all_traffic_on_latest_revision": true,
                "available_cpu": "0.1666",
                "available_memory": "256M",
                "environment_variables": {
                  "GOOGLE_CLIENT_IDS": "327782085729-2ufk2e1fmmr67far9h9kdqlqnp7d0ssr.apps.googleusercontent.com,327782085729-h2n5snb0i2grgge995mkslhq3tgfd161.apps.googleusercontent.com,327782085729-964h8eq6s1ta2on9dag8r2g80l6kqoiq.apps.googleusercontent.com"
                },
                "gcf_uri": "",
                "ingress_settings": "ALLOW_ALL",
                "max_instance_count": 1,
                "max_instance_request_concurrency": 1,
                "min_instance_count": 0,
                "secret_environment_variables": [],
                "secret_volumes": [],
                "service": "projects/calis-top50/locations/asia-southeast2/services/updatechild",
                "service_account_email": "327782085729-compute@developer.gserviceaccount.com",
                "timeout_seconds": 60,
                "uri": "https://updatechild-vws3d6ozda-et.a.run.app",
                "vpc_connector": "",
                "vpc_connector_egress_settings": ""
              }
            ],
            "state": "ACTIVE",
            "timeouts": null,
            "update_time": "2023-06-10T13:45:56.538401294Z"
          },
          "sensitive_attributes": [],
          "private": "eyJlMmJmYjczMC1lY2FhLTExZTYtOGY4OC0zNDM2M2JjN2M0YzAiOnsiY3JlYXRlIjozNjAwMDAwMDAwMDAwLCJkZWxldGUiOjM2MDAwMDAwMDAwMDAsInVwZGF0ZSI6MzYwMDAwMDAwMDAwMH19",
          "dependencies": [
            "data.archive_file.default",
            "google_storage_bucket.default",
            "google_storage_bucket_object.object"
          ]
        }
      ]
    },
    {
      "mode": "managed",
      "type": "google_cloudfunctions2_function",
      "name": "updateUserLearning",
      "provider": "provider[\"registry.terraform.io/hashicorp/google\"]",
      "instances": [
        {
          "schema_version": 0,
          "attributes": {
            "build_config": [
              {
                "build": "projects/327782085729/locations/asia-southeast2/builds/f56b347e-aa2a-415c-a311-1d7288a1aff6",
                "docker_repository": "",
                "entry_point": "updateUserLearning",
                "environment_variables": {
                  "GOOGLE_CLIENT_ID": "327782085729-2ufk2e1fmmr67far9h9kdqlqnp7d0ssr.apps.googleusercontent.com,327782085729-h2n5snb0i2grgge995mkslhq3tgfd161.apps.googleusercontent.com,327782085729-964h8eq6s1ta2on9dag8r2g80l6kqoiq.apps.googleusercontent.com"
                },
                "runtime": "python310",
                "source": [
                  {
                    "repo_source": [],
                    "storage_source": [
                      {
                        "bucket": "calis-gcf-source",
                        "generation": 0,
                        "object": "calis-gcf-source.zip-633991bc646bb4d5c6110c639c3e54ec.zip"
                      }
                    ]
                  }
                ],
                "worker_pool": ""
              }
            ],
            "description": "get lesson progress from Android",
            "environment": "GEN_2",
            "event_trigger": [],
            "id": "projects/calis-top50/locations/asia-southeast2/functions/updateUserLearning",
            "labels": {},
            "location": "asia-southeast2",
            "name": "updateUserLearning",
            "project": "calis-top50",
            "service_config": [
              {
                "all_traffic_on_latest_revision": true,
                "available_cpu": "0.1666",
                "available_memory": "256M",
                "environment_variables": {
                  "GOOGLE_CLIENT_IDS": "327782085729-2ufk2e1fmmr67far9h9kdqlqnp7d0ssr.apps.googleusercontent.com,327782085729-h2n5snb0i2grgge995mkslhq3tgfd161.apps.googleusercontent.com,327782085729-964h8eq6s1ta2on9dag8r2g80l6kqoiq.apps.googleusercontent.com"
                },
                "gcf_uri": "",
                "ingress_settings": "ALLOW_ALL",
                "max_instance_count": 1,
                "max_instance_request_concurrency": 1,
                "min_instance_count": 0,
                "secret_environment_variables": [],
                "secret_volumes": [],
                "service": "projects/calis-top50/locations/asia-southeast2/services/updateuserlearning",
                "service_account_email": "327782085729-compute@developer.gserviceaccount.com",
                "timeout_seconds": 60,
                "uri": "https://updateuserlearning-vws3d6ozda-et.a.run.app",
                "vpc_connector": "",
                "vpc_connector_egress_settings": ""
              }
            ],
            "state": "ACTIVE",
            "timeouts": null,
            "update_time": "2023-06-10T13:45:45.103799206Z"
          },
          "sensitive_attributes": [],
          "private": "eyJlMmJmYjczMC1lY2FhLTExZTYtOGY4OC0zNDM2M2JjN2M0YzAiOnsiY3JlYXRlIjozNjAwMDAwMDAwMDAwLCJkZWxldGUiOjM2MDAwMDAwMDAwMDAsInVwZGF0ZSI6MzYwMDAwMDAwMDAwMH19",
          "dependencies": [
            "data.archive_file.default",
            "google_storage_bucket.default",
            "google_storage_bucket_object.object"
          ]
        }
      ]
    },
    {
      "mode": "managed",
      "type": "google_cloudfunctions2_function",
      "name": "userReport",
      "provider": "provider[\"registry.terraform.io/hashicorp/google\"]",
      "instances": [
        {
          "schema_version": 0,
          "attributes": {
            "build_config": [
              {
                "build": "projects/327782085729/locations/asia-southeast2/builds/d3787f2b-a8c5-4b20-9fca-2ad362b8ccf9",
                "docker_repository": "",
                "entry_point": "userReport",
                "environment_variables": {
                  "GOOGLE_CLIENT_ID": "327782085729-2ufk2e1fmmr67far9h9kdqlqnp7d0ssr.apps.googleusercontent.com,327782085729-h2n5snb0i2grgge995mkslhq3tgfd161.apps.googleusercontent.com,327782085729-964h8eq6s1ta2on9dag8r2g80l6kqoiq.apps.googleusercontent.com"
                },
                "runtime": "python310",
                "source": [
                  {
                    "repo_source": [],
                    "storage_source": [
                      {
                        "bucket": "calis-gcf-source",
                        "generation": 0,
                        "object": "calis-gcf-source.zip-633991bc646bb4d5c6110c639c3e54ec.zip"
                      }
                    ]
                  }
                ],
                "worker_pool": ""
              }
            ],
            "description": "for report learning",
            "environment": "GEN_2",
            "event_trigger": [],
            "id": "projects/calis-top50/locations/asia-southeast2/functions/userReport",
            "labels": {},
            "location": "asia-southeast2",
            "name": "userReport",
            "project": "calis-top50",
            "service_config": [
              {
                "all_traffic_on_latest_revision": true,
                "available_cpu": "0.1666",
                "available_memory": "256M",
                "environment_variables": {
                  "GOOGLE_CLIENT_IDS": "327782085729-2ufk2e1fmmr67far9h9kdqlqnp7d0ssr.apps.googleusercontent.com,327782085729-h2n5snb0i2grgge995mkslhq3tgfd161.apps.googleusercontent.com,327782085729-964h8eq6s1ta2on9dag8r2g80l6kqoiq.apps.googleusercontent.com"
                },
                "gcf_uri": "",
                "ingress_settings": "ALLOW_ALL",
                "max_instance_count": 1,
                "max_instance_request_concurrency": 1,
                "min_instance_count": 0,
                "secret_environment_variables": [],
                "secret_volumes": [],
                "service": "projects/calis-top50/locations/asia-southeast2/services/userreport",
                "service_account_email": "327782085729-compute@developer.gserviceaccount.com",
                "timeout_seconds": 60,
                "uri": "https://userreport-vws3d6ozda-et.a.run.app",
                "vpc_connector": "",
                "vpc_connector_egress_settings": ""
              }
            ],
            "state": "ACTIVE",
            "timeouts": null,
            "update_time": "2023-06-10T13:46:40.574553700Z"
          },
          "sensitive_attributes": [],
          "private": "eyJlMmJmYjczMC1lY2FhLTExZTYtOGY4OC0zNDM2M2JjN2M0YzAiOnsiY3JlYXRlIjozNjAwMDAwMDAwMDAwLCJkZWxldGUiOjM2MDAwMDAwMDAwMDAsInVwZGF0ZSI6MzYwMDAwMDAwMDAwMH19",
          "dependencies": [
            "data.archive_file.default",
            "google_storage_bucket.default",
            "google_storage_bucket_object.object"
          ]
        }
      ]
    },
    {
      "mode": "managed",
      "type": "google_storage_bucket",
      "name": "default",
      "provider": "provider[\"registry.terraform.io/hashicorp/google\"]",
      "instances": [
        {
          "schema_version": 0,
          "attributes": {
            "autoclass": [],
            "cors": [],
            "custom_placement_config": [],
            "default_event_based_hold": false,
            "encryption": [],
            "force_destroy": false,
            "id": "calis-gcf-source",
            "labels": {},
            "lifecycle_rule": [],
            "location": "ASIA-SOUTHEAST2",
            "logging": [],
            "name": "calis-gcf-source",
            "project": "calis-top50",
            "public_access_prevention": "inherited",
            "requester_pays": false,
            "retention_policy": [],
            "self_link": "https://www.googleapis.com/storage/v1/b/calis-gcf-source",
            "storage_class": "STANDARD",
            "timeouts": null,
            "uniform_bucket_level_access": true,
            "url": "gs://calis-gcf-source",
            "versioning": [],
            "website": []
          },
          "sensitive_attributes": [],
          "private": "eyJlMmJmYjczMC1lY2FhLTExZTYtOGY4OC0zNDM2M2JjN2M0YzAiOnsiY3JlYXRlIjo2MDAwMDAwMDAwMDAsInJlYWQiOjI0MDAwMDAwMDAwMCwidXBkYXRlIjoyNDAwMDAwMDAwMDB9fQ=="
        }
      ]
    },
    {
      "mode": "managed",
      "type": "google_storage_bucket_object",
      "name": "object",
      "provider": "provider[\"registry.terraform.io/hashicorp/google\"]",
      "instances": [
        {
          "schema_version": 0,
          "attributes": {
            "bucket": "calis-gcf-source",
            "cache_control": "",
            "content": null,
            "content_disposition": "",
            "content_encoding": "",
            "content_language": "",
            "content_type": "application/zip",
            "crc32c": "Zmzbww==",
            "customer_encryption": [],
            "detect_md5hash": "YzmRvGRrtNXGEQxjnD5U7A==",
            "event_based_hold": false,
            "id": "calis-gcf-source-calis-gcf-source.zip-633991bc646bb4d5c6110c639c3e54ec.zip",
            "kms_key_name": "",
            "md5hash": "YzmRvGRrtNXGEQxjnD5U7A==",
            "media_link": "https://storage.googleapis.com/download/storage/v1/b/calis-gcf-source/o/calis-gcf-source.zip-633991bc646bb4d5c6110c639c3e54ec.zip?generation=1686404693226766\u0026alt=media",
            "metadata": null,
            "name": "calis-gcf-source.zip-633991bc646bb4d5c6110c639c3e54ec.zip",
            "output_name": "calis-gcf-source.zip-633991bc646bb4d5c6110c639c3e54ec.zip",
            "self_link": "https://www.googleapis.com/storage/v1/b/calis-gcf-source/o/calis-gcf-source.zip-633991bc646bb4d5c6110c639c3e54ec.zip",
            "source": "/tmp/calis-gcf-source.zip",
            "storage_class": "STANDARD",
            "temporary_hold": false,
            "timeouts": null
          },
          "sensitive_attributes": [],
          "private": "eyJlMmJmYjczMC1lY2FhLTExZTYtOGY4OC0zNDM2M2JjN2M0YzAiOnsiY3JlYXRlIjoyNDAwMDAwMDAwMDAsImRlbGV0ZSI6MjQwMDAwMDAwMDAwLCJ1cGRhdGUiOjI0MDAwMDAwMDAwMH19",
          "dependencies": [
            "data.archive_file.default",
            "google_storage_bucket.default"
          ]
        }
      ]
    }
  ],
  "check_results": null
}
